// !$*UTF8*$!
{
	archiveVersion = 1;
	classes = {
	};
	objectVersion = 46;
	objects = {

/* Begin PBXBuildFile section */
		76CD079A1DBE4CB60088669E /* main.m in Sources */ = {isa = PBXBuildFile; fileRef = 76CD07991DBE4CB60088669E /* main.m */; };
		76CD07A31DBE4CB60088669E /* Main.storyboard in Resources */ = {isa = PBXBuildFile; fileRef = 76CD07A11DBE4CB60088669E /* Main.storyboard */; };
		76CD07A51DBE4CB60088669E /* Assets.xcassets in Resources */ = {isa = PBXBuildFile; fileRef = 76CD07A41DBE4CB60088669E /* Assets.xcassets */; };
		76CD07A81DBE4CB60088669E /* LaunchScreen.storyboard in Resources */ = {isa = PBXBuildFile; fileRef = 76CD07A61DBE4CB60088669E /* LaunchScreen.storyboard */; };
		76CD07B31DBE4CB60088669E /* MyUIKitTests.m in Sources */ = {isa = PBXBuildFile; fileRef = 76CD07B21DBE4CB60088669E /* MyUIKitTests.m */; };
		76CD07BE1DBE4CB60088669E /* MyUIKitUITests.m in Sources */ = {isa = PBXBuildFile; fileRef = 76CD07BD1DBE4CB60088669E /* MyUIKitUITests.m */; };
		76CD08481DBE4D420088669E /* AppDelegate.m in Sources */ = {isa = PBXBuildFile; fileRef = 76CD07FD1DBE4D420088669E /* AppDelegate.m */; };
		76CD08491DBE4D420088669E /* UIKit框架.jpg in Resources */ = {isa = PBXBuildFile; fileRef = 76CD08001DBE4D420088669E /* UIKit框架.jpg */; };
		76CD084A1DBE4D420088669E /* ViewController.m in Sources */ = {isa = PBXBuildFile; fileRef = 76CD08021DBE4D420088669E /* ViewController.m */; };
		76CD09BD1E9B6D690088669E /* UITableView.m in Sources */ = {isa = PBXBuildFile; fileRef = 76CD09BC1E9B6D690088669E /* UITableView.m */; };
/* End PBXBuildFile section */

/* Begin PBXContainerItemProxy section */
		76CD07AF1DBE4CB60088669E /* PBXContainerItemProxy */ = {
			isa = PBXContainerItemProxy;
			containerPortal = 76CD078D1DBE4CB60088669E /* Project object */;
			proxyType = 1;
			remoteGlobalIDString = 76CD07941DBE4CB60088669E;
			remoteInfo = MyUIKit;
		};
		76CD07BA1DBE4CB60088669E /* PBXContainerItemProxy */ = {
			isa = PBXContainerItemProxy;
			containerPortal = 76CD078D1DBE4CB60088669E /* Project object */;
			proxyType = 1;
			remoteGlobalIDString = 76CD07941DBE4CB60088669E;
			remoteInfo = MyUIKit;
		};
/* End PBXContainerItemProxy section */

/* Begin PBXFileReference section */
		76CD07951DBE4CB60088669E /* MyUIKit.app */ = {isa = PBXFileReference; explicitFileType = wrapper.application; includeInIndex = 0; path = MyUIKit.app; sourceTree = BUILT_PRODUCTS_DIR; };
		76CD07991DBE4CB60088669E /* main.m */ = {isa = PBXFileReference; lastKnownFileType = sourcecode.c.objc; path = main.m; sourceTree = "<group>"; };
		76CD07A21DBE4CB60088669E /* Base */ = {isa = PBXFileReference; lastKnownFileType = file.storyboard; name = Base; path = Base.lproj/Main.storyboard; sourceTree = "<group>"; };
		76CD07A41DBE4CB60088669E /* Assets.xcassets */ = {isa = PBXFileReference; lastKnownFileType = folder.assetcatalog; path = Assets.xcassets; sourceTree = "<group>"; };
		76CD07A71DBE4CB60088669E /* Base */ = {isa = PBXFileReference; lastKnownFileType = file.storyboard; name = Base; path = Base.lproj/LaunchScreen.storyboard; sourceTree = "<group>"; };
		76CD07A91DBE4CB60088669E /* Info.plist */ = {isa = PBXFileReference; lastKnownFileType = text.plist.xml; path = Info.plist; sourceTree = "<group>"; };
		76CD07AE1DBE4CB60088669E /* MyUIKitTests.xctest */ = {isa = PBXFileReference; explicitFileType = wrapper.cfbundle; includeInIndex = 0; path = MyUIKitTests.xctest; sourceTree = BUILT_PRODUCTS_DIR; };
		76CD07B21DBE4CB60088669E /* MyUIKitTests.m */ = {isa = PBXFileReference; lastKnownFileType = sourcecode.c.objc; path = MyUIKitTests.m; sourceTree = "<group>"; };
		76CD07B41DBE4CB60088669E /* Info.plist */ = {isa = PBXFileReference; lastKnownFileType = text.plist.xml; path = Info.plist; sourceTree = "<group>"; };
		76CD07B91DBE4CB60088669E /* MyUIKitUITests.xctest */ = {isa = PBXFileReference; explicitFileType = wrapper.cfbundle; includeInIndex = 0; path = MyUIKitUITests.xctest; sourceTree = BUILT_PRODUCTS_DIR; };
		76CD07BD1DBE4CB60088669E /* MyUIKitUITests.m */ = {isa = PBXFileReference; lastKnownFileType = sourcecode.c.objc; path = MyUIKitUITests.m; sourceTree = "<group>"; };
		76CD07BF1DBE4CB60088669E /* Info.plist */ = {isa = PBXFileReference; lastKnownFileType = text.plist.xml; path = Info.plist; sourceTree = "<group>"; };
		76CD07FC1DBE4D420088669E /* AppDelegate.h */ = {isa = PBXFileReference; fileEncoding = 4; lastKnownFileType = sourcecode.c.h; path = AppDelegate.h; sourceTree = "<group>"; };
		76CD07FD1DBE4D420088669E /* AppDelegate.m */ = {isa = PBXFileReference; fileEncoding = 4; lastKnownFileType = sourcecode.c.objc; path = AppDelegate.m; sourceTree = "<group>"; };
		76CD07FE1DBE4D420088669E /* UIKit.h */ = {isa = PBXFileReference; fileEncoding = 4; lastKnownFileType = sourcecode.c.h; path = UIKit.h; sourceTree = "<group>"; };
		76CD08001DBE4D420088669E /* UIKit框架.jpg */ = {isa = PBXFileReference; lastKnownFileType = image.jpeg; path = "UIKit框架.jpg"; sourceTree = "<group>"; };
		76CD08011DBE4D420088669E /* ViewController.h */ = {isa = PBXFileReference; fileEncoding = 4; lastKnownFileType = sourcecode.c.h; path = ViewController.h; sourceTree = "<group>"; };
		76CD08021DBE4D420088669E /* ViewController.m */ = {isa = PBXFileReference; fileEncoding = 4; lastKnownFileType = sourcecode.c.objc; path = ViewController.m; sourceTree = "<group>"; };
		76CD08041DBE4D420088669E /* UIBarButtonItem.h */ = {isa = PBXFileReference; fileEncoding = 4; lastKnownFileType = sourcecode.c.h; path = UIBarButtonItem.h; sourceTree = "<group>"; };
		76CD08051DBE4D420088669E /* UIBarItem.h */ = {isa = PBXFileReference; fileEncoding = 4; lastKnownFileType = sourcecode.c.h; path = UIBarItem.h; sourceTree = "<group>"; };
		76CD08061DBE4D420088669E /* UITabBarItem.h */ = {isa = PBXFileReference; fileEncoding = 4; lastKnownFileType = sourcecode.c.h; path = UITabBarItem.h; sourceTree = "<group>"; };
		76CD08081DBE4D420088669E /* UIButton.h */ = {isa = PBXFileReference; fileEncoding = 4; lastKnownFileType = sourcecode.c.h; path = UIButton.h; sourceTree = "<group>"; };
		76CD08091DBE4D420088669E /* UIControl.h */ = {isa = PBXFileReference; fileEncoding = 4; lastKnownFileType = sourcecode.c.h; path = UIControl.h; sourceTree = "<group>"; };
		76CD080A1DBE4D420088669E /* UIDatePicker.h */ = {isa = PBXFileReference; fileEncoding = 4; lastKnownFileType = sourcecode.c.h; path = UIDatePicker.h; sourceTree = "<group>"; };
		76CD080B1DBE4D420088669E /* UIPageControl.h */ = {isa = PBXFileReference; fileEncoding = 4; lastKnownFileType = sourcecode.c.h; path = UIPageControl.h; sourceTree = "<group>"; };
		76CD080C1DBE4D420088669E /* UISegmentedControl.h */ = {isa = PBXFileReference; fileEncoding = 4; lastKnownFileType = sourcecode.c.h; path = UISegmentedControl.h; sourceTree = "<group>"; };
		76CD080D1DBE4D420088669E /* UISlider.h */ = {isa = PBXFileReference; fileEncoding = 4; lastKnownFileType = sourcecode.c.h; path = UISlider.h; sourceTree = "<group>"; };
		76CD080E1DBE4D420088669E /* UISwitch.h */ = {isa = PBXFileReference; fileEncoding = 4; lastKnownFileType = sourcecode.c.h; path = UISwitch.h; sourceTree = "<group>"; };
		76CD080F1DBE4D420088669E /* UITextField.h */ = {isa = PBXFileReference; fileEncoding = 4; lastKnownFileType = sourcecode.c.h; path = UITextField.h; sourceTree = "<group>"; };
		76CD08111DBE4D420088669E /* UILongPressGestureRecognizer.h */ = {isa = PBXFileReference; fileEncoding = 4; lastKnownFileType = sourcecode.c.h; path = UILongPressGestureRecognizer.h; sourceTree = "<group>"; };
		76CD08121DBE4D420088669E /* UIPanGestureRecognizer.h */ = {isa = PBXFileReference; fileEncoding = 4; lastKnownFileType = sourcecode.c.h; path = UIPanGestureRecognizer.h; sourceTree = "<group>"; };
		76CD08131DBE4D420088669E /* UIPinchGestureRecognizer.h */ = {isa = PBXFileReference; fileEncoding = 4; lastKnownFileType = sourcecode.c.h; path = UIPinchGestureRecognizer.h; sourceTree = "<group>"; };
		76CD08141DBE4D420088669E /* UIRotationGestureRecognizer.h */ = {isa = PBXFileReference; fileEncoding = 4; lastKnownFileType = sourcecode.c.h; path = UIRotationGestureRecognizer.h; sourceTree = "<group>"; };
		76CD08151DBE4D420088669E /* UISwipeGestureRecognizer.h */ = {isa = PBXFileReference; fileEncoding = 4; lastKnownFileType = sourcecode.c.h; path = UISwipeGestureRecognizer.h; sourceTree = "<group>"; };
		76CD08161DBE4D420088669E /* UITapGestureRecognizer.h */ = {isa = PBXFileReference; fileEncoding = 4; lastKnownFileType = sourcecode.c.h; path = UITapGestureRecognizer.h; sourceTree = "<group>"; };
		76CD08191DBE4D420088669E /* UIActionSheet.h */ = {isa = PBXFileReference; fileEncoding = 4; lastKnownFileType = sourcecode.c.h; path = UIActionSheet.h; sourceTree = "<group>"; };
		76CD081A1DBE4D420088669E /* UIActivityIndicatorView.h */ = {isa = PBXFileReference; fileEncoding = 4; lastKnownFileType = sourcecode.c.h; path = UIActivityIndicatorView.h; sourceTree = "<group>"; };
		76CD081B1DBE4D420088669E /* UIAlertView.h */ = {isa = PBXFileReference; fileEncoding = 4; lastKnownFileType = sourcecode.c.h; path = UIAlertView.h; sourceTree = "<group>"; };
		76CD081C1DBE4D420088669E /* UIImageView.h */ = {isa = PBXFileReference; fileEncoding = 4; lastKnownFileType = sourcecode.c.h; path = UIImageView.h; sourceTree = "<group>"; };
		76CD081D1DBE4D420088669E /* UILabel.h */ = {isa = PBXFileReference; fileEncoding = 4; lastKnownFileType = sourcecode.c.h; path = UILabel.h; sourceTree = "<group>"; };
		76CD081E1DBE4D420088669E /* UINavigationBar.h */ = {isa = PBXFileReference; fileEncoding = 4; lastKnownFileType = sourcecode.c.h; path = UINavigationBar.h; sourceTree = "<group>"; };
		76CD081F1DBE4D420088669E /* UIPickerView.h */ = {isa = PBXFileReference; fileEncoding = 4; lastKnownFileType = sourcecode.c.h; path = UIPickerView.h; sourceTree = "<group>"; };
		76CD08201DBE4D420088669E /* UIProgressView.h */ = {isa = PBXFileReference; fileEncoding = 4; lastKnownFileType = sourcecode.c.h; path = UIProgressView.h; sourceTree = "<group>"; };
		76CD08211DBE4D420088669E /* UISearchBar.h */ = {isa = PBXFileReference; fileEncoding = 4; lastKnownFileType = sourcecode.c.h; path = UISearchBar.h; sourceTree = "<group>"; };
		76CD08221DBE4D420088669E /* UITabBar.h */ = {isa = PBXFileReference; fileEncoding = 4; lastKnownFileType = sourcecode.c.h; path = UITabBar.h; sourceTree = "<group>"; };
		76CD08231DBE4D420088669E /* UITableView.h */ = {isa = PBXFileReference; fileEncoding = 4; lastKnownFileType = sourcecode.c.h; path = UITableView.h; sourceTree = "<group>"; };
		76CD08241DBE4D420088669E /* UITableViewCell.h */ = {isa = PBXFileReference; fileEncoding = 4; lastKnownFileType = sourcecode.c.h; path = UITableViewCell.h; sourceTree = "<group>"; };
		76CD08251DBE4D420088669E /* UITextView.h */ = {isa = PBXFileReference; fileEncoding = 4; lastKnownFileType = sourcecode.c.h; path = UITextView.h; sourceTree = "<group>"; };
		76CD08261DBE4D420088669E /* UIToolbar.h */ = {isa = PBXFileReference; fileEncoding = 4; lastKnownFileType = sourcecode.c.h; path = UIToolbar.h; sourceTree = "<group>"; };
		76CD08271DBE4D420088669E /* UIView.h */ = {isa = PBXFileReference; fileEncoding = 4; lastKnownFileType = sourcecode.c.h; path = UIView.h; sourceTree = "<group>"; };
		76CD08281DBE4D420088669E /* UIWebView.h */ = {isa = PBXFileReference; fileEncoding = 4; lastKnownFileType = sourcecode.c.h; path = UIWebView.h; sourceTree = "<group>"; };
		76CD08291DBE4D420088669E /* UIWindow.h */ = {isa = PBXFileReference; fileEncoding = 4; lastKnownFileType = sourcecode.c.h; path = UIWindow.h; sourceTree = "<group>"; };
		76CD082B1DBE4D420088669E /* UIImagePickerController.h */ = {isa = PBXFileReference; fileEncoding = 4; lastKnownFileType = sourcecode.c.h; path = UIImagePickerController.h; sourceTree = "<group>"; };
		76CD082C1DBE4D420088669E /* UINavigationController.h */ = {isa = PBXFileReference; fileEncoding = 4; lastKnownFileType = sourcecode.c.h; path = UINavigationController.h; sourceTree = "<group>"; };
		76CD082D1DBE4D420088669E /* UITabBarController.h */ = {isa = PBXFileReference; fileEncoding = 4; lastKnownFileType = sourcecode.c.h; path = UITabBarController.h; sourceTree = "<group>"; };
		76CD082E1DBE4D420088669E /* UITableViewController.h */ = {isa = PBXFileReference; fileEncoding = 4; lastKnownFileType = sourcecode.c.h; path = UITableViewController.h; sourceTree = "<group>"; };
		76CD082F1DBE4D420088669E /* UIVideoEditorController.h */ = {isa = PBXFileReference; fileEncoding = 4; lastKnownFileType = sourcecode.c.h; path = UIVideoEditorController.h; sourceTree = "<group>"; };
		76CD08301DBE4D420088669E /* UIViewController.h */ = {isa = PBXFileReference; fileEncoding = 4; lastKnownFileType = sourcecode.c.h; path = UIViewController.h; sourceTree = "<group>"; };
		76CD09A51DBE54480088669E /* UIKitDefines.h */ = {isa = PBXFileReference; fileEncoding = 4; lastKnownFileType = sourcecode.c.h; path = UIKitDefines.h; sourceTree = "<group>"; };
		76CD09A61DBE57B60088669E /* LNBizerPath.h */ = {isa = PBXFileReference; fileEncoding = 4; lastKnownFileType = sourcecode.c.h; path = LNBizerPath.h; sourceTree = "<group>"; };
		76CD09A71DBE57B60088669E /* NSURLSession.h */ = {isa = PBXFileReference; fileEncoding = 4; lastKnownFileType = sourcecode.c.h; path = NSURLSession.h; sourceTree = "<group>"; };
		76CD09A81DBE591D0088669E /* UICollectionView.h */ = {isa = PBXFileReference; fileEncoding = 4; lastKnownFileType = sourcecode.c.h; path = UICollectionView.h; sourceTree = "<group>"; };
		76CD09A91DBE591D0088669E /* UICollectionViewFlowLayout.h */ = {isa = PBXFileReference; fileEncoding = 4; lastKnownFileType = sourcecode.c.h; path = UICollectionViewFlowLayout.h; sourceTree = "<group>"; };
		76CD09AA1DBE591D0088669E /* UICollectionViewLayout.h */ = {isa = PBXFileReference; fileEncoding = 4; lastKnownFileType = sourcecode.c.h; path = UICollectionViewLayout.h; sourceTree = "<group>"; };
		76CD09AB1E9B2B600088669E /* UICollectionViewCell.h */ = {isa = PBXFileReference; fileEncoding = 4; lastKnownFileType = sourcecode.c.h; path = UICollectionViewCell.h; sourceTree = "<group>"; };
		76CD09AD1E9B2C680088669E /* UICollectionViewController.h */ = {isa = PBXFileReference; fileEncoding = 4; lastKnownFileType = sourcecode.c.h; path = UICollectionViewController.h; sourceTree = "<group>"; };
		76CD09BC1E9B6D690088669E /* UITableView.m */ = {isa = PBXFileReference; fileEncoding = 4; lastKnownFileType = sourcecode.c.objc; path = UITableView.m; sourceTree = "<group>"; };
/* End PBXFileReference section */

/* Begin PBXFrameworksBuildPhase section */
		76CD07921DBE4CB60088669E /* Frameworks */ = {
			isa = PBXFrameworksBuildPhase;
			buildActionMask = 2147483647;
			files = (
			);
			runOnlyForDeploymentPostprocessing = 0;
		};
		76CD07AB1DBE4CB60088669E /* Frameworks */ = {
			isa = PBXFrameworksBuildPhase;
			buildActionMask = 2147483647;
			files = (
			);
			runOnlyForDeploymentPostprocessing = 0;
		};
		76CD07B61DBE4CB60088669E /* Frameworks */ = {
			isa = PBXFrameworksBuildPhase;
			buildActionMask = 2147483647;
			files = (
			);
			runOnlyForDeploymentPostprocessing = 0;
		};
/* End PBXFrameworksBuildPhase section */

/* Begin PBXGroup section */
		76CD078C1DBE4CB60088669E = {
			isa = PBXGroup;
			children = (
				76CD07971DBE4CB60088669E /* MyUIKit */,
				76CD07B11DBE4CB60088669E /* MyUIKitTests */,
				76CD07BC1DBE4CB60088669E /* MyUIKitUITests */,
				76CD07961DBE4CB60088669E /* Products */,
			);
			sourceTree = "<group>";
		};
		76CD07961DBE4CB60088669E /* Products */ = {
			isa = PBXGroup;
			children = (
				76CD07951DBE4CB60088669E /* MyUIKit.app */,
				76CD07AE1DBE4CB60088669E /* MyUIKitTests.xctest */,
				76CD07B91DBE4CB60088669E /* MyUIKitUITests.xctest */,
			);
			name = Products;
			sourceTree = "<group>";
		};
		76CD07971DBE4CB60088669E /* MyUIKit */ = {
			isa = PBXGroup;
			children = (
				76CD099D1DBE50160088669E /* NSObject */,
				76CD08031DBE4D420088669E /* UIBarItem */,
				76CD08071DBE4D420088669E /* UIControl */,
				76CD08101DBE4D420088669E /* UIGestureRecognizer */,
				76CD08171DBE4D420088669E /* UIKit Classes */,
				76CD08181DBE4D420088669E /* UIView */,
				76CD082A1DBE4D420088669E /* UIViewController */,
				76CD07FB1DBE4D420088669E /* Other */,
				76CD07A11DBE4CB60088669E /* Main.storyboard */,
				76CD07A41DBE4CB60088669E /* Assets.xcassets */,
				76CD07A61DBE4CB60088669E /* LaunchScreen.storyboard */,
				76CD07A91DBE4CB60088669E /* Info.plist */,
				76CD07981DBE4CB60088669E /* Supporting Files */,
			);
			path = MyUIKit;
			sourceTree = "<group>";
		};
		76CD07981DBE4CB60088669E /* Supporting Files */ = {
			isa = PBXGroup;
			children = (
				76CD07991DBE4CB60088669E /* main.m */,
			);
			name = "Supporting Files";
			sourceTree = "<group>";
		};
		76CD07B11DBE4CB60088669E /* MyUIKitTests */ = {
			isa = PBXGroup;
			children = (
				76CD07B21DBE4CB60088669E /* MyUIKitTests.m */,
				76CD07B41DBE4CB60088669E /* Info.plist */,
			);
			path = MyUIKitTests;
			sourceTree = "<group>";
		};
		76CD07BC1DBE4CB60088669E /* MyUIKitUITests */ = {
			isa = PBXGroup;
			children = (
				76CD07BD1DBE4CB60088669E /* MyUIKitUITests.m */,
				76CD07BF1DBE4CB60088669E /* Info.plist */,
			);
			path = MyUIKitUITests;
			sourceTree = "<group>";
		};
		76CD07FB1DBE4D420088669E /* Other */ = {
			isa = PBXGroup;
			children = (
				76CD07FE1DBE4D420088669E /* UIKit.h */,
				76CD08001DBE4D420088669E /* UIKit框架.jpg */,
				76CD07FC1DBE4D420088669E /* AppDelegate.h */,
				76CD07FD1DBE4D420088669E /* AppDelegate.m */,
				76CD08011DBE4D420088669E /* ViewController.h */,
				76CD08021DBE4D420088669E /* ViewController.m */,
			);
			path = Other;
			sourceTree = "<group>";
		};
		76CD08031DBE4D420088669E /* UIBarItem */ = {
			isa = PBXGroup;
			children = (
				76CD08041DBE4D420088669E /* UIBarButtonItem.h */,
				76CD08051DBE4D420088669E /* UIBarItem.h */,
				76CD08061DBE4D420088669E /* UITabBarItem.h */,
			);
			path = UIBarItem;
			sourceTree = "<group>";
		};
		76CD08071DBE4D420088669E /* UIControl */ = {
			isa = PBXGroup;
			children = (
				76CD08081DBE4D420088669E /* UIButton.h */,
				76CD08091DBE4D420088669E /* UIControl.h */,
				76CD080A1DBE4D420088669E /* UIDatePicker.h */,
				76CD080B1DBE4D420088669E /* UIPageControl.h */,
				76CD080C1DBE4D420088669E /* UISegmentedControl.h */,
				76CD080D1DBE4D420088669E /* UISlider.h */,
				76CD080E1DBE4D420088669E /* UISwitch.h */,
				76CD080F1DBE4D420088669E /* UITextField.h */,
			);
			path = UIControl;
			sourceTree = "<group>";
		};
		76CD08101DBE4D420088669E /* UIGestureRecognizer */ = {
			isa = PBXGroup;
			children = (
				76CD08111DBE4D420088669E /* UILongPressGestureRecognizer.h */,
				76CD08121DBE4D420088669E /* UIPanGestureRecognizer.h */,
				76CD08131DBE4D420088669E /* UIPinchGestureRecognizer.h */,
				76CD08141DBE4D420088669E /* UIRotationGestureRecognizer.h */,
				76CD08151DBE4D420088669E /* UISwipeGestureRecognizer.h */,
				76CD08161DBE4D420088669E /* UITapGestureRecognizer.h */,
			);
			path = UIGestureRecognizer;
			sourceTree = "<group>";
		};
		76CD08171DBE4D420088669E /* UIKit Classes */ = {
			isa = PBXGroup;
			children = (
			);
			path = "UIKit Classes";
			sourceTree = "<group>";
		};
		76CD08181DBE4D420088669E /* UIView */ = {
			isa = PBXGroup;
			children = (
				76CD08231DBE4D420088669E /* UITableView.h */,
				76CD09BC1E9B6D690088669E /* UITableView.m */,
				76CD08241DBE4D420088669E /* UITableViewCell.h */,
				76CD09A81DBE591D0088669E /* UICollectionView.h */,
				76CD09AB1E9B2B600088669E /* UICollectionViewCell.h */,
				76CD09A91DBE591D0088669E /* UICollectionViewFlowLayout.h */,
				76CD09AA1DBE591D0088669E /* UICollectionViewLayout.h */,
				76CD08191DBE4D420088669E /* UIActionSheet.h */,
				76CD081A1DBE4D420088669E /* UIActivityIndicatorView.h */,
				76CD081B1DBE4D420088669E /* UIAlertView.h */,
				76CD081C1DBE4D420088669E /* UIImageView.h */,
				76CD081D1DBE4D420088669E /* UILabel.h */,
				76CD081E1DBE4D420088669E /* UINavigationBar.h */,
				76CD081F1DBE4D420088669E /* UIPickerView.h */,
				76CD08201DBE4D420088669E /* UIProgressView.h */,
				76CD08211DBE4D420088669E /* UISearchBar.h */,
				76CD08221DBE4D420088669E /* UITabBar.h */,
				76CD08251DBE4D420088669E /* UITextView.h */,
				76CD08261DBE4D420088669E /* UIToolbar.h */,
				76CD08271DBE4D420088669E /* UIView.h */,
				76CD08281DBE4D420088669E /* UIWebView.h */,
				76CD08291DBE4D420088669E /* UIWindow.h */,
			);
			path = UIView;
			sourceTree = "<group>";
		};
		76CD082A1DBE4D420088669E /* UIViewController */ = {
			isa = PBXGroup;
			children = (
				76CD09AD1E9B2C680088669E /* UICollectionViewController.h */,
				76CD082B1DBE4D420088669E /* UIImagePickerController.h */,
				76CD082C1DBE4D420088669E /* UINavigationController.h */,
				76CD082D1DBE4D420088669E /* UITabBarController.h */,
				76CD082E1DBE4D420088669E /* UITableViewController.h */,
				76CD082F1DBE4D420088669E /* UIVideoEditorController.h */,
				76CD08301DBE4D420088669E /* UIViewController.h */,
			);
			path = UIViewController;
			sourceTree = "<group>";
		};
		76CD099D1DBE50160088669E /* NSObject */ = {
			isa = PBXGroup;
			children = (
				76CD09A61DBE57B60088669E /* LNBizerPath.h */,
				76CD09A71DBE57B60088669E /* NSURLSession.h */,
				76CD09A51DBE54480088669E /* UIKitDefines.h */,
			);
			path = NSObject;
			sourceTree = "<group>";
		};
/* End PBXGroup section */

/* Begin PBXNativeTarget section */
		76CD07941DBE4CB60088669E /* MyUIKit */ = {
			isa = PBXNativeTarget;
			buildConfigurationList = 76CD07C21DBE4CB60088669E /* Build configuration list for PBXNativeTarget "MyUIKit" */;
			buildPhases = (
				76CD07911DBE4CB60088669E /* Sources */,
				76CD07921DBE4CB60088669E /* Frameworks */,
				76CD07931DBE4CB60088669E /* Resources */,
			);
			buildRules = (
			);
			dependencies = (
			);
			name = MyUIKit;
			productName = MyUIKit;
			productReference = 76CD07951DBE4CB60088669E /* MyUIKit.app */;
			productType = "com.apple.product-type.application";
		};
		76CD07AD1DBE4CB60088669E /* MyUIKitTests */ = {
			isa = PBXNativeTarget;
			buildConfigurationList = 76CD07C51DBE4CB60088669E /* Build configuration list for PBXNativeTarget "MyUIKitTests" */;
			buildPhases = (
				76CD07AA1DBE4CB60088669E /* Sources */,
				76CD07AB1DBE4CB60088669E /* Frameworks */,
				76CD07AC1DBE4CB60088669E /* Resources */,
			);
			buildRules = (
			);
			dependencies = (
				76CD07B01DBE4CB60088669E /* PBXTargetDependency */,
			);
			name = MyUIKitTests;
			productName = MyUIKitTests;
			productReference = 76CD07AE1DBE4CB60088669E /* MyUIKitTests.xctest */;
			productType = "com.apple.product-type.bundle.unit-test";
		};
		76CD07B81DBE4CB60088669E /* MyUIKitUITests */ = {
			isa = PBXNativeTarget;
			buildConfigurationList = 76CD07C81DBE4CB60088669E /* Build configuration list for PBXNativeTarget "MyUIKitUITests" */;
			buildPhases = (
				76CD07B51DBE4CB60088669E /* Sources */,
				76CD07B61DBE4CB60088669E /* Frameworks */,
				76CD07B71DBE4CB60088669E /* Resources */,
			);
			buildRules = (
			);
			dependencies = (
				76CD07BB1DBE4CB60088669E /* PBXTargetDependency */,
			);
			name = MyUIKitUITests;
			productName = MyUIKitUITests;
			productReference = 76CD07B91DBE4CB60088669E /* MyUIKitUITests.xctest */;
			productType = "com.apple.product-type.bundle.ui-testing";
		};
/* End PBXNativeTarget section */

/* Begin PBXProject section */
		76CD078D1DBE4CB60088669E /* Project object */ = {
			isa = PBXProject;
			attributes = {
				LastUpgradeCheck = 0810;
				ORGANIZATIONNAME = "Learning point";
				TargetAttributes = {
					76CD07941DBE4CB60088669E = {
						CreatedOnToolsVersion = 8.1;
						ProvisioningStyle = Automatic;
					};
					76CD07AD1DBE4CB60088669E = {
						CreatedOnToolsVersion = 8.1;
						ProvisioningStyle = Automatic;
						TestTargetID = 76CD07941DBE4CB60088669E;
					};
					76CD07B81DBE4CB60088669E = {
						CreatedOnToolsVersion = 8.1;
						ProvisioningStyle = Automatic;
						TestTargetID = 76CD07941DBE4CB60088669E;
					};
				};
			};
			buildConfigurationList = 76CD07901DBE4CB60088669E /* Build configuration list for PBXProject "MyUIKit" */;
			compatibilityVersion = "Xcode 3.2";
			developmentRegion = English;
			hasScannedForEncodings = 0;
			knownRegions = (
				en,
				Base,
			);
			mainGroup = 76CD078C1DBE4CB60088669E;
			productRefGroup = 76CD07961DBE4CB60088669E /* Products */;
			projectDirPath = "";
			projectRoot = "";
			targets = (
				76CD07941DBE4CB60088669E /* MyUIKit */,
				76CD07AD1DBE4CB60088669E /* MyUIKitTests */,
				76CD07B81DBE4CB60088669E /* MyUIKitUITests */,
			);
		};
/* End PBXProject section */

/* Begin PBXResourcesBuildPhase section */
		76CD07931DBE4CB60088669E /* Resources */ = {
			isa = PBXResourcesBuildPhase;
			buildActionMask = 2147483647;
			files = (
				76CD08491DBE4D420088669E /* UIKit框架.jpg in Resources */,
				76CD07A81DBE4CB60088669E /* LaunchScreen.storyboard in Resources */,
				76CD07A51DBE4CB60088669E /* Assets.xcassets in Resources */,
				76CD07A31DBE4CB60088669E /* Main.storyboard in Resources */,
			);
			runOnlyForDeploymentPostprocessing = 0;
		};
		76CD07AC1DBE4CB60088669E /* Resources */ = {
			isa = PBXResourcesBuildPhase;
			buildActionMask = 2147483647;
			files = (
			);
			runOnlyForDeploymentPostprocessing = 0;
		};
		76CD07B71DBE4CB60088669E /* Resources */ = {
			isa = PBXResourcesBuildPhase;
			buildActionMask = 2147483647;
			files = (
			);
			runOnlyForDeploymentPostprocessing = 0;
		};
/* End PBXResourcesBuildPhase section */

/* Begin PBXSourcesBuildPhase section */
		76CD07911DBE4CB60088669E /* Sources */ = {
			isa = PBXSourcesBuildPhase;
			buildActionMask = 2147483647;
			files = (
				76CD084A1DBE4D420088669E /* ViewController.m in Sources */,
				76CD09BD1E9B6D690088669E /* UITableView.m in Sources */,
				76CD079A1DBE4CB60088669E /* main.m in Sources */,
				76CD08481DBE4D420088669E /* AppDelegate.m in Sources */,
			);
			runOnlyForDeploymentPostprocessing = 0;
		};
		76CD07AA1DBE4CB60088669E /* Sources */ = {
			isa = PBXSourcesBuildPhase;
			buildActionMask = 2147483647;
			files = (
				76CD07B31DBE4CB60088669E /* MyUIKitTests.m in Sources */,
			);
			runOnlyForDeploymentPostprocessing = 0;
		};
		76CD07B51DBE4CB60088669E /* Sources */ = {
			isa = PBXSourcesBuildPhase;
			buildActionMask = 2147483647;
			files = (
				76CD07BE1DBE4CB60088669E /* MyUIKitUITests.m in Sources */,
			);
			runOnlyForDeploymentPostprocessing = 0;
		};
/* End PBXSourcesBuildPhase section */

/* Begin PBXTargetDependency section */
		76CD07B01DBE4CB60088669E /* PBXTargetDependency */ = {
			isa = PBXTargetDependency;
			target = 76CD07941DBE4CB60088669E /* MyUIKit */;
			targetProxy = 76CD07AF1DBE4CB60088669E /* PBXContainerItemProxy */;
		};
		76CD07BB1DBE4CB60088669E /* PBXTargetDependency */ = {
			isa = PBXTargetDependency;
			target = 76CD07941DBE4CB60088669E /* MyUIKit */;
			targetProxy = 76CD07BA1DBE4CB60088669E /* PBXContainerItemProxy */;
		};
/* End PBXTargetDependency section */

/* Begin PBXVariantGroup section */
		76CD07A11DBE4CB60088669E /* Main.storyboard */ = {
			isa = PBXVariantGroup;
			children = (
				76CD07A21DBE4CB60088669E /* Base */,
			);
			name = Main.storyboard;
			sourceTree = "<group>";
		};
		76CD07A61DBE4CB60088669E /* LaunchScreen.storyboard */ = {
			isa = PBXVariantGroup;
			children = (
				76CD07A71DBE4CB60088669E /* Base */,
			);
			name = LaunchScreen.storyboard;
			sourceTree = "<group>";
		};
/* End PBXVariantGroup section */

/* Begin XCBuildConfiguration section */
		76CD07C01DBE4CB60088669E /* Debug */ = {
			isa = XCBuildConfiguration;
			buildSettings = {
				ALWAYS_SEARCH_USER_PATHS = NO;
				CLANG_ANALYZER_NONNULL = YES;
				CLANG_CXX_LANGUAGE_STANDARD = "gnu++0x";
				CLANG_CXX_LIBRARY = "libc++";
				CLANG_ENABLE_MODULES = YES;
				CLANG_ENABLE_OBJC_ARC = YES;
				CLANG_WARN_BOOL_CONVERSION = YES;
				CLANG_WARN_CONSTANT_CONVERSION = YES;
				CLANG_WARN_DIRECT_OBJC_ISA_USAGE = YES_ERROR;
				CLANG_WARN_DOCUMENTATION_COMMENTS = YES;
				CLANG_WARN_EMPTY_BODY = YES;
				CLANG_WARN_ENUM_CONVERSION = YES;
				CLANG_WARN_INFINITE_RECURSION = YES;
				CLANG_WARN_INT_CONVERSION = YES;
				CLANG_WARN_OBJC_ROOT_CLASS = YES_ERROR;
				CLANG_WARN_SUSPICIOUS_MOVES = YES;
				CLANG_WARN_UNREACHABLE_CODE = YES;
				CLANG_WARN__DUPLICATE_METHOD_MATCH = YES;
				"CODE_SIGN_IDENTITY[sdk=iphoneos*]" = "iPhone Developer";
				COPY_PHASE_STRIP = NO;
				DEBUG_INFORMATION_FORMAT = dwarf;
				ENABLE_STRICT_OBJC_MSGSEND = YES;
				ENABLE_TESTABILITY = YES;
				GCC_C_LANGUAGE_STANDARD = gnu99;
				GCC_DYNAMIC_NO_PIC = NO;
				GCC_NO_COMMON_BLOCKS = YES;
				GCC_OPTIMIZATION_LEVEL = 0;
				GCC_PREPROCESSOR_DEFINITIONS = (
					"DEBUG=1",
					"$(inherited)",
				);
				GCC_WARN_64_TO_32_BIT_CONVERSION = YES;
				GCC_WARN_ABOUT_RETURN_TYPE = YES_ERROR;
				GCC_WARN_UNDECLARED_SELECTOR = YES;
				GCC_WARN_UNINITIALIZED_AUTOS = YES_AGGRESSIVE;
				GCC_WARN_UNUSED_FUNCTION = YES;
				GCC_WARN_UNUSED_VARIABLE = YES;
				IPHONEOS_DEPLOYMENT_TARGET = 10.1;
				MTL_ENABLE_DEBUG_INFO = YES;
				ONLY_ACTIVE_ARCH = YES;
				SDKROOT = iphoneos;
			};
			name = Debug;
		};
		76CD07C11DBE4CB60088669E /* Release */ = {
			isa = XCBuildConfiguration;
			buildSettings = {
				ALWAYS_SEARCH_USER_PATHS = NO;
				CLANG_ANALYZER_NONNULL = YES;
				CLANG_CXX_LANGUAGE_STANDARD = "gnu++0x";
				CLANG_CXX_LIBRARY = "libc++";
				CLANG_ENABLE_MODULES = YES;
				CLANG_ENABLE_OBJC_ARC = YES;
				CLANG_WARN_BOOL_CONVERSION = YES;
				CLANG_WARN_CONSTANT_CONVERSION = YES;
				CLANG_WARN_DIRECT_OBJC_ISA_USAGE = YES_ERROR;
				CLANG_WARN_DOCUMENTATION_COMMENTS = YES;
				CLANG_WARN_EMPTY_BODY = YES;
				CLANG_WARN_ENUM_CONVERSION = YES;
				CLANG_WARN_INFINITE_RECURSION = YES;
				CLANG_WARN_INT_CONVERSION = YES;
				CLANG_WARN_OBJC_ROOT_CLASS = YES_ERROR;
				CLANG_WARN_SUSPICIOUS_MOVES = YES;
				CLANG_WARN_UNREACHABLE_CODE = YES;
				CLANG_WARN__DUPLICATE_METHOD_MATCH = YES;
				"CODE_SIGN_IDENTITY[sdk=iphoneos*]" = "iPhone Developer";
				COPY_PHASE_STRIP = NO;
				DEBUG_INFORMATION_FORMAT = "dwarf-with-dsym";
				ENABLE_NS_ASSERTIONS = NO;
				ENABLE_STRICT_OBJC_MSGSEND = YES;
				GCC_C_LANGUAGE_STANDARD = gnu99;
				GCC_NO_COMMON_BLOCKS = YES;
				GCC_WARN_64_TO_32_BIT_CONVERSION = YES;
				GCC_WARN_ABOUT_RETURN_TYPE = YES_ERROR;
				GCC_WARN_UNDECLARED_SELECTOR = YES;
				GCC_WARN_UNINITIALIZED_AUTOS = YES_AGGRESSIVE;
				GCC_WARN_UNUSED_FUNCTION = YES;
				GCC_WARN_UNUSED_VARIABLE = YES;
				IPHONEOS_DEPLOYMENT_TARGET = 10.1;
				MTL_ENABLE_DEBUG_INFO = NO;
				SDKROOT = iphoneos;
				VALIDATE_PRODUCT = YES;
			};
			name = Release;
		};
		76CD07C31DBE4CB60088669E /* Debug */ = {
			isa = XCBuildConfiguration;
			buildSettings = {
				ASSETCATALOG_COMPILER_APPICON_NAME = AppIcon;
				INFOPLIST_FILE = MyUIKit/Info.plist;
				LD_RUNPATH_SEARCH_PATHS = "$(inherited) @executable_path/Frameworks";
				PRODUCT_BUNDLE_IDENTIFIER = LN.MyUIKit;
				PRODUCT_NAME = "$(TARGET_NAME)";
			};
			name = Debug;
		};
		76CD07C41DBE4CB60088669E /* Release */ = {
			isa = XCBuildConfiguration;
			buildSettings = {
				ASSETCATALOG_COMPILER_APPICON_NAME = AppIcon;
				INFOPLIST_FILE = MyUIKit/Info.plist;
				LD_RUNPATH_SEARCH_PATHS = "$(inherited) @executable_path/Frameworks";
				PRODUCT_BUNDLE_IDENTIFIER = LN.MyUIKit;
				PRODUCT_NAME = "$(TARGET_NAME)";
			};
			name = Release;
		};
		76CD07C61DBE4CB60088669E /* Debug */ = {
			isa = XCBuildConfiguration;
			buildSettings = {
				BUNDLE_LOADER = "$(TEST_HOST)";
				INFOPLIST_FILE = MyUIKitTests/Info.plist;
				LD_RUNPATH_SEARCH_PATHS = "$(inherited) @executable_path/Frameworks @loader_path/Frameworks";
				PRODUCT_BUNDLE_IDENTIFIER = LN.MyUIKitTests;
				PRODUCT_NAME = "$(TARGET_NAME)";
				TEST_HOST = "$(BUILT_PRODUCTS_DIR)/MyUIKit.app/MyUIKit";
			};
			name = Debug;
		};
		76CD07C71DBE4CB60088669E /* Release */ = {
			isa = XCBuildConfiguration;
			buildSettings = {
				BUNDLE_LOADER = "$(TEST_HOST)";
				INFOPLIST_FILE = MyUIKitTests/Info.plist;
				LD_RUNPATH_SEARCH_PATHS = "$(inherited) @executable_path/Frameworks @loader_path/Frameworks";
				PRODUCT_BUNDLE_IDENTIFIER = LN.MyUIKitTests;
				PRODUCT_NAME = "$(TARGET_NAME)";
				TEST_HOST = "$(BUILT_PRODUCTS_DIR)/MyUIKit.app/MyUIKit";
			};
			name = Release;
		};
		76CD07C91DBE4CB60088669E /* Debug */ = {
			isa = XCBuildConfiguration;
			buildSettings = {
				INFOPLIST_FILE = MyUIKitUITests/Info.plist;
				LD_RUNPATH_SEARCH_PATHS = "$(inherited) @executable_path/Frameworks @loader_path/Frameworks";
				PRODUCT_BUNDLE_IDENTIFIER = LN.MyUIKitUITests;
				PRODUCT_NAME = "$(TARGET_NAME)";
				TEST_TARGET_NAME = MyUIKit;
			};
			name = Debug;
		};
		76CD07CA1DBE4CB60088669E /* Release */ = {
			isa = XCBuildConfiguration;
			buildSettings = {
				INFOPLIST_FILE = MyUIKitUITests/Info.plist;
				LD_RUNPATH_SEARCH_PATHS = "$(inherited) @executable_path/Frameworks @loader_path/Frameworks";
				PRODUCT_BUNDLE_IDENTIFIER = LN.MyUIKitUITests;
				PRODUCT_NAME = "$(TARGET_NAME)";
				TEST_TARGET_NAME = MyUIKit;
			};
			name = Release;
		};
/* End XCBuildConfiguration section */

/* Begin XCConfigurationList section */
		76CD07901DBE4CB60088669E /* Build configuration list for PBXProject "MyUIKit" */ = {
			isa = XCConfigurationList;
			buildConfigurations = (
				76CD07C01DBE4CB60088669E /* Debug */,
				76CD07C11DBE4CB60088669E /* Release */,
			);
			defaultConfigurationIsVisible = 0;
			defaultConfigurationName = Release;
		};
		76CD07C21DBE4CB60088669E /* Build configuration list for PBXNativeTarget "MyUIKit" */ = {
			isa = XCConfigurationList;
			buildConfigurations = (
				76CD07C31DBE4CB60088669E /* Debug */,
				76CD07C41DBE4CB60088669E /* Release */,
			);
			defaultConfigurationIsVisible = 0;
			defaultConfigurationName = Release;
		};
		76CD07C51DBE4CB60088669E /* Build configuration list for PBXNativeTarget "MyUIKitTests" */ = {
			isa = XCConfigurationList;
			buildConfigurations = (
				76CD07C61DBE4CB60088669E /* Debug */,
				76CD07C71DBE4CB60088669E /* Release */,
			);
			defaultConfigurationIsVisible = 0;
			defaultConfigurationName = Release;
		};
		76CD07C81DBE4CB60088669E /* Build configuration list for PBXNativeTarget "MyUIKitUITests" */ = {
			isa = XCConfigurationList;
			buildConfigurations = (
				76CD07C91DBE4CB60088669E /* Debug */,
				76CD07CA1DBE4CB60088669E /* Release */,
			);
			defaultConfigurationIsVisible = 0;
			defaultConfigurationName = Release;
		};
/* End XCConfigurationList section */
	};
	rootObject = 76CD078D1DBE4CB60088669E /* Project object */;
}
