// !$*UTF8*$!
{
	archiveVersion = 1;
	classes = {
	};
	objectVersion = 46;
	objects = {

/* Begin PBXBuildFile section */
		76E5AF1F1EF244B30054B134 /* Main.storyboard in Resources */ = {isa = PBXBuildFile; fileRef = 76E5AF1D1EF244B30054B134 /* Main.storyboard */; };
		76E5AF211EF244B30054B134 /* Assets.xcassets in Resources */ = {isa = PBXBuildFile; fileRef = 76E5AF201EF244B30054B134 /* Assets.xcassets */; };
		76E5AF241EF244B30054B134 /* LaunchScreen.storyboard in Resources */ = {isa = PBXBuildFile; fileRef = 76E5AF221EF244B30054B134 /* LaunchScreen.storyboard */; };
		76E5AF2F1EF244B30054B134 /* ProjectFileTests.m in Sources */ = {isa = PBXBuildFile; fileRef = 76E5AF2E1EF244B30054B134 /* ProjectFileTests.m */; };
		76E5AF3A1EF244B40054B134 /* ProjectFileUITests.m in Sources */ = {isa = PBXBuildFile; fileRef = 76E5AF391EF244B40054B134 /* ProjectFileUITests.m */; };
		76E5AF511EF2456C0054B134 /* AppDelegate.m in Sources */ = {isa = PBXBuildFile; fileRef = 76E5AF4D1EF2456C0054B134 /* AppDelegate.m */; };
		76E5AF521EF2456C0054B134 /* main.m in Sources */ = {isa = PBXBuildFile; fileRef = 76E5AF4E1EF2456C0054B134 /* main.m */; };
		76E5AF531EF2456C0054B134 /* ViewController.m in Sources */ = {isa = PBXBuildFile; fileRef = 76E5AF501EF2456C0054B134 /* ViewController.m */; };
/* End PBXBuildFile section */

/* Begin PBXContainerItemProxy section */
		76E5AF2B1EF244B30054B134 /* PBXContainerItemProxy */ = {
			isa = PBXContainerItemProxy;
			containerPortal = 76E5AF091EF244B30054B134 /* Project object */;
			proxyType = 1;
			remoteGlobalIDString = 76E5AF101EF244B30054B134;
			remoteInfo = ProjectFile;
		};
		76E5AF361EF244B30054B134 /* PBXContainerItemProxy */ = {
			isa = PBXContainerItemProxy;
			containerPortal = 76E5AF091EF244B30054B134 /* Project object */;
			proxyType = 1;
			remoteGlobalIDString = 76E5AF101EF244B30054B134;
			remoteInfo = ProjectFile;
		};
/* End PBXContainerItemProxy section */

/* Begin PBXFileReference section */
		76E5AF111EF244B30054B134 /* ProjectFile.app */ = {isa = PBXFileReference; explicitFileType = wrapper.application; includeInIndex = 0; path = ProjectFile.app; sourceTree = BUILT_PRODUCTS_DIR; };
		76E5AF1E1EF244B30054B134 /* Base */ = {isa = PBXFileReference; lastKnownFileType = file.storyboard; name = Base; path = Base.lproj/Main.storyboard; sourceTree = "<group>"; };
		76E5AF201EF244B30054B134 /* Assets.xcassets */ = {isa = PBXFileReference; lastKnownFileType = folder.assetcatalog; path = Assets.xcassets; sourceTree = "<group>"; };
		76E5AF231EF244B30054B134 /* Base */ = {isa = PBXFileReference; lastKnownFileType = file.storyboard; name = Base; path = Base.lproj/LaunchScreen.storyboard; sourceTree = "<group>"; };
		76E5AF251EF244B30054B134 /* Info.plist */ = {isa = PBXFileReference; lastKnownFileType = text.plist.xml; path = Info.plist; sourceTree = "<group>"; };
		76E5AF2A1EF244B30054B134 /* ProjectFileTests.xctest */ = {isa = PBXFileReference; explicitFileType = wrapper.cfbundle; includeInIndex = 0; path = ProjectFileTests.xctest; sourceTree = BUILT_PRODUCTS_DIR; };
		76E5AF2E1EF244B30054B134 /* ProjectFileTests.m */ = {isa = PBXFileReference; lastKnownFileType = sourcecode.c.objc; path = ProjectFileTests.m; sourceTree = "<group>"; };
		76E5AF301EF244B30054B134 /* Info.plist */ = {isa = PBXFileReference; lastKnownFileType = text.plist.xml; path = Info.plist; sourceTree = "<group>"; };
		76E5AF351EF244B30054B134 /* ProjectFileUITests.xctest */ = {isa = PBXFileReference; explicitFileType = wrapper.cfbundle; includeInIndex = 0; path = ProjectFileUITests.xctest; sourceTree = BUILT_PRODUCTS_DIR; };
		76E5AF391EF244B40054B134 /* ProjectFileUITests.m */ = {isa = PBXFileReference; lastKnownFileType = sourcecode.c.objc; path = ProjectFileUITests.m; sourceTree = "<group>"; };
		76E5AF3B1EF244B40054B134 /* Info.plist */ = {isa = PBXFileReference; lastKnownFileType = text.plist.xml; path = Info.plist; sourceTree = "<group>"; };
		76E5AF481EF244E50054B134 /* runtime.h */ = {isa = PBXFileReference; fileEncoding = 4; lastKnownFileType = sourcecode.c.h; path = runtime.h; sourceTree = "<group>"; };
		76E5AF491EF244E50054B134 /* WKWebView.h */ = {isa = PBXFileReference; fileEncoding = 4; lastKnownFileType = sourcecode.c.h; path = WKWebView.h; sourceTree = "<group>"; };
		76E5AF4C1EF2456C0054B134 /* AppDelegate.h */ = {isa = PBXFileReference; fileEncoding = 4; lastKnownFileType = sourcecode.c.h; path = AppDelegate.h; sourceTree = "<group>"; };
		76E5AF4D1EF2456C0054B134 /* AppDelegate.m */ = {isa = PBXFileReference; fileEncoding = 4; lastKnownFileType = sourcecode.c.objc; path = AppDelegate.m; sourceTree = "<group>"; };
		76E5AF4E1EF2456C0054B134 /* main.m */ = {isa = PBXFileReference; fileEncoding = 4; lastKnownFileType = sourcecode.c.objc; path = main.m; sourceTree = "<group>"; };
		76E5AF4F1EF2456C0054B134 /* ViewController.h */ = {isa = PBXFileReference; fileEncoding = 4; lastKnownFileType = sourcecode.c.h; path = ViewController.h; sourceTree = "<group>"; };
		76E5AF501EF2456C0054B134 /* ViewController.m */ = {isa = PBXFileReference; fileEncoding = 4; lastKnownFileType = sourcecode.c.objc; path = ViewController.m; sourceTree = "<group>"; };
		76E5AF541EF246100054B134 /* Header.h */ = {isa = PBXFileReference; fileEncoding = 4; lastKnownFileType = sourcecode.c.h; path = Header.h; sourceTree = "<group>"; };
		76E5AF551EF246100054B134 /* PrefixHeader.pch */ = {isa = PBXFileReference; fileEncoding = 4; lastKnownFileType = sourcecode.c.h; path = PrefixHeader.pch; sourceTree = "<group>"; };
/* End PBXFileReference section */

/* Begin PBXFrameworksBuildPhase section */
		76E5AF0E1EF244B30054B134 /* Frameworks */ = {
			isa = PBXFrameworksBuildPhase;
			buildActionMask = 2147483647;
			files = (
			);
			runOnlyForDeploymentPostprocessing = 0;
		};
		76E5AF271EF244B30054B134 /* Frameworks */ = {
			isa = PBXFrameworksBuildPhase;
			buildActionMask = 2147483647;
			files = (
			);
			runOnlyForDeploymentPostprocessing = 0;
		};
		76E5AF321EF244B30054B134 /* Frameworks */ = {
			isa = PBXFrameworksBuildPhase;
			buildActionMask = 2147483647;
			files = (
			);
			runOnlyForDeploymentPostprocessing = 0;
		};
/* End PBXFrameworksBuildPhase section */

/* Begin PBXGroup section */
		76E5AF081EF244B30054B134 = {
			isa = PBXGroup;
			children = (
				76E5AF131EF244B30054B134 /* ProjectFile */,
				76E5AF2D1EF244B30054B134 /* ProjectFileTests */,
				76E5AF381EF244B40054B134 /* ProjectFileUITests */,
				76E5AF121EF244B30054B134 /* Products */,
			);
			sourceTree = "<group>";
		};
		76E5AF121EF244B30054B134 /* Products */ = {
			isa = PBXGroup;
			children = (
				76E5AF111EF244B30054B134 /* ProjectFile.app */,
				76E5AF2A1EF244B30054B134 /* ProjectFileTests.xctest */,
				76E5AF351EF244B30054B134 /* ProjectFileUITests.xctest */,
			);
			name = Products;
			sourceTree = "<group>";
		};
		76E5AF131EF244B30054B134 /* ProjectFile */ = {
			isa = PBXGroup;
			children = (
				76E5AF471EF244E50054B134 /* Other frameworks */,
				76E5AF4A1EF245390054B134 /* ProjectFile */,
				76E5AF4B1EF2456C0054B134 /* Other */,
				76E5AF1D1EF244B30054B134 /* Main.storyboard */,
				76E5AF201EF244B30054B134 /* Assets.xcassets */,
				76E5AF221EF244B30054B134 /* LaunchScreen.storyboard */,
				76E5AF251EF244B30054B134 /* Info.plist */,
				76E5AF141EF244B30054B134 /* Supporting Files */,
			);
			path = ProjectFile;
			sourceTree = "<group>";
		};
		76E5AF141EF244B30054B134 /* Supporting Files */ = {
			isa = PBXGroup;
			children = (
			);
			name = "Supporting Files";
			sourceTree = "<group>";
		};
		76E5AF2D1EF244B30054B134 /* ProjectFileTests */ = {
			isa = PBXGroup;
			children = (
				76E5AF2E1EF244B30054B134 /* ProjectFileTests.m */,
				76E5AF301EF244B30054B134 /* Info.plist */,
			);
			path = ProjectFileTests;
			sourceTree = "<group>";
		};
		76E5AF381EF244B40054B134 /* ProjectFileUITests */ = {
			isa = PBXGroup;
			children = (
				76E5AF391EF244B40054B134 /* ProjectFileUITests.m */,
				76E5AF3B1EF244B40054B134 /* Info.plist */,
			);
			path = ProjectFileUITests;
			sourceTree = "<group>";
		};
		76E5AF471EF244E50054B134 /* Other frameworks */ = {
			isa = PBXGroup;
			children = (
				76E5AF481EF244E50054B134 /* runtime.h */,
				76E5AF491EF244E50054B134 /* WKWebView.h */,
			);
			path = "Other frameworks";
			sourceTree = "<group>";
		};
		76E5AF4A1EF245390054B134 /* ProjectFile */ = {
			isa = PBXGroup;
			children = (
				76E5AF541EF246100054B134 /* Header.h */,
				76E5AF551EF246100054B134 /* PrefixHeader.pch */,
			);
			path = ProjectFile;
			sourceTree = "<group>";
		};
		76E5AF4B1EF2456C0054B134 /* Other */ = {
			isa = PBXGroup;
			children = (
				76E5AF4C1EF2456C0054B134 /* AppDelegate.h */,
				76E5AF4D1EF2456C0054B134 /* AppDelegate.m */,
				76E5AF4E1EF2456C0054B134 /* main.m */,
				76E5AF4F1EF2456C0054B134 /* ViewController.h */,
				76E5AF501EF2456C0054B134 /* ViewController.m */,
			);
			path = Other;
			sourceTree = "<group>";
		};
/* End PBXGroup section */

/* Begin PBXNativeTarget section */
		76E5AF101EF244B30054B134 /* ProjectFile */ = {
			isa = PBXNativeTarget;
			buildConfigurationList = 76E5AF3E1EF244B40054B134 /* Build configuration list for PBXNativeTarget "ProjectFile" */;
			buildPhases = (
				76E5AF0D1EF244B30054B134 /* Sources */,
				76E5AF0E1EF244B30054B134 /* Frameworks */,
				76E5AF0F1EF244B30054B134 /* Resources */,
			);
			buildRules = (
			);
			dependencies = (
			);
			name = ProjectFile;
			productName = ProjectFile;
			productReference = 76E5AF111EF244B30054B134 /* ProjectFile.app */;
			productType = "com.apple.product-type.application";
		};
		76E5AF291EF244B30054B134 /* ProjectFileTests */ = {
			isa = PBXNativeTarget;
			buildConfigurationList = 76E5AF411EF244B40054B134 /* Build configuration list for PBXNativeTarget "ProjectFileTests" */;
			buildPhases = (
				76E5AF261EF244B30054B134 /* Sources */,
				76E5AF271EF244B30054B134 /* Frameworks */,
				76E5AF281EF244B30054B134 /* Resources */,
			);
			buildRules = (
			);
			dependencies = (
				76E5AF2C1EF244B30054B134 /* PBXTargetDependency */,
			);
			name = ProjectFileTests;
			productName = ProjectFileTests;
			productReference = 76E5AF2A1EF244B30054B134 /* ProjectFileTests.xctest */;
			productType = "com.apple.product-type.bundle.unit-test";
		};
		76E5AF341EF244B30054B134 /* ProjectFileUITests */ = {
			isa = PBXNativeTarget;
			buildConfigurationList = 76E5AF441EF244B40054B134 /* Build configuration list for PBXNativeTarget "ProjectFileUITests" */;
			buildPhases = (
				76E5AF311EF244B30054B134 /* Sources */,
				76E5AF321EF244B30054B134 /* Frameworks */,
				76E5AF331EF244B30054B134 /* Resources */,
			);
			buildRules = (
			);
			dependencies = (
				76E5AF371EF244B30054B134 /* PBXTargetDependency */,
			);
			name = ProjectFileUITests;
			productName = ProjectFileUITests;
			productReference = 76E5AF351EF244B30054B134 /* ProjectFileUITests.xctest */;
			productType = "com.apple.product-type.bundle.ui-testing";
		};
/* End PBXNativeTarget section */

/* Begin PBXProject section */
		76E5AF091EF244B30054B134 /* Project object */ = {
			isa = PBXProject;
			attributes = {
				LastUpgradeCheck = 0810;
				ORGANIZATIONNAME = "（https://github.com/CustomPBWaters）";
				TargetAttributes = {
					76E5AF101EF244B30054B134 = {
						CreatedOnToolsVersion = 8.1;
						ProvisioningStyle = Automatic;
					};
					76E5AF291EF244B30054B134 = {
						CreatedOnToolsVersion = 8.1;
						ProvisioningStyle = Automatic;
						TestTargetID = 76E5AF101EF244B30054B134;
					};
					76E5AF341EF244B30054B134 = {
						CreatedOnToolsVersion = 8.1;
						ProvisioningStyle = Automatic;
						TestTargetID = 76E5AF101EF244B30054B134;
					};
				};
			};
			buildConfigurationList = 76E5AF0C1EF244B30054B134 /* Build configuration list for PBXProject "ProjectFile" */;
			compatibilityVersion = "Xcode 3.2";
			developmentRegion = English;
			hasScannedForEncodings = 0;
			knownRegions = (
				en,
				Base,
			);
			mainGroup = 76E5AF081EF244B30054B134;
			productRefGroup = 76E5AF121EF244B30054B134 /* Products */;
			projectDirPath = "";
			projectRoot = "";
			targets = (
				76E5AF101EF244B30054B134 /* ProjectFile */,
				76E5AF291EF244B30054B134 /* ProjectFileTests */,
				76E5AF341EF244B30054B134 /* ProjectFileUITests */,
			);
		};
/* End PBXProject section */

/* Begin PBXResourcesBuildPhase section */
		76E5AF0F1EF244B30054B134 /* Resources */ = {
			isa = PBXResourcesBuildPhase;
			buildActionMask = 2147483647;
			files = (
				76E5AF241EF244B30054B134 /* LaunchScreen.storyboard in Resources */,
				76E5AF211EF244B30054B134 /* Assets.xcassets in Resources */,
				76E5AF1F1EF244B30054B134 /* Main.storyboard in Resources */,
			);
			runOnlyForDeploymentPostprocessing = 0;
		};
		76E5AF281EF244B30054B134 /* Resources */ = {
			isa = PBXResourcesBuildPhase;
			buildActionMask = 2147483647;
			files = (
			);
			runOnlyForDeploymentPostprocessing = 0;
		};
		76E5AF331EF244B30054B134 /* Resources */ = {
			isa = PBXResourcesBuildPhase;
			buildActionMask = 2147483647;
			files = (
			);
			runOnlyForDeploymentPostprocessing = 0;
		};
/* End PBXResourcesBuildPhase section */

/* Begin PBXSourcesBuildPhase section */
		76E5AF0D1EF244B30054B134 /* Sources */ = {
			isa = PBXSourcesBuildPhase;
			buildActionMask = 2147483647;
			files = (
				76E5AF531EF2456C0054B134 /* ViewController.m in Sources */,
				76E5AF521EF2456C0054B134 /* main.m in Sources */,
				76E5AF511EF2456C0054B134 /* AppDelegate.m in Sources */,
			);
			runOnlyForDeploymentPostprocessing = 0;
		};
		76E5AF261EF244B30054B134 /* Sources */ = {
			isa = PBXSourcesBuildPhase;
			buildActionMask = 2147483647;
			files = (
				76E5AF2F1EF244B30054B134 /* ProjectFileTests.m in Sources */,
			);
			runOnlyForDeploymentPostprocessing = 0;
		};
		76E5AF311EF244B30054B134 /* Sources */ = {
			isa = PBXSourcesBuildPhase;
			buildActionMask = 2147483647;
			files = (
				76E5AF3A1EF244B40054B134 /* ProjectFileUITests.m in Sources */,
			);
			runOnlyForDeploymentPostprocessing = 0;
		};
/* End PBXSourcesBuildPhase section */

/* Begin PBXTargetDependency section */
		76E5AF2C1EF244B30054B134 /* PBXTargetDependency */ = {
			isa = PBXTargetDependency;
			target = 76E5AF101EF244B30054B134 /* ProjectFile */;
			targetProxy = 76E5AF2B1EF244B30054B134 /* PBXContainerItemProxy */;
		};
		76E5AF371EF244B30054B134 /* PBXTargetDependency */ = {
			isa = PBXTargetDependency;
			target = 76E5AF101EF244B30054B134 /* ProjectFile */;
			targetProxy = 76E5AF361EF244B30054B134 /* PBXContainerItemProxy */;
		};
/* End PBXTargetDependency section */

/* Begin PBXVariantGroup section */
		76E5AF1D1EF244B30054B134 /* Main.storyboard */ = {
			isa = PBXVariantGroup;
			children = (
				76E5AF1E1EF244B30054B134 /* Base */,
			);
			name = Main.storyboard;
			sourceTree = "<group>";
		};
		76E5AF221EF244B30054B134 /* LaunchScreen.storyboard */ = {
			isa = PBXVariantGroup;
			children = (
				76E5AF231EF244B30054B134 /* Base */,
			);
			name = LaunchScreen.storyboard;
			sourceTree = "<group>";
		};
/* End PBXVariantGroup section */

/* Begin XCBuildConfiguration section */
		76E5AF3C1EF244B40054B134 /* Debug */ = {
			isa = XCBuildConfiguration;
			buildSettings = {
				ALWAYS_SEARCH_USER_PATHS = NO;
				CLANG_ANALYZER_NONNULL = YES;
				CLANG_CXX_LANGUAGE_STANDARD = "gnu++0x";
				CLANG_CXX_LIBRARY = "libc++";
				CLANG_ENABLE_MODULES = YES;
				CLANG_ENABLE_OBJC_ARC = YES;
				CLANG_WARN_BOOL_CONVERSION = YES;
				CLANG_WARN_CONSTANT_CONVERSION = YES;
				CLANG_WARN_DIRECT_OBJC_ISA_USAGE = YES_ERROR;
				CLANG_WARN_DOCUMENTATION_COMMENTS = YES;
				CLANG_WARN_EMPTY_BODY = YES;
				CLANG_WARN_ENUM_CONVERSION = YES;
				CLANG_WARN_INFINITE_RECURSION = YES;
				CLANG_WARN_INT_CONVERSION = YES;
				CLANG_WARN_OBJC_ROOT_CLASS = YES_ERROR;
				CLANG_WARN_SUSPICIOUS_MOVES = YES;
				CLANG_WARN_UNREACHABLE_CODE = YES;
				CLANG_WARN__DUPLICATE_METHOD_MATCH = YES;
				"CODE_SIGN_IDENTITY[sdk=iphoneos*]" = "iPhone Developer";
				COPY_PHASE_STRIP = NO;
				DEBUG_INFORMATION_FORMAT = dwarf;
				ENABLE_STRICT_OBJC_MSGSEND = YES;
				ENABLE_TESTABILITY = YES;
				GCC_C_LANGUAGE_STANDARD = gnu99;
				GCC_DYNAMIC_NO_PIC = NO;
				GCC_NO_COMMON_BLOCKS = YES;
				GCC_OPTIMIZATION_LEVEL = 0;
				GCC_PREPROCESSOR_DEFINITIONS = (
					"DEBUG=1",
					"$(inherited)",
				);
				GCC_WARN_64_TO_32_BIT_CONVERSION = YES;
				GCC_WARN_ABOUT_RETURN_TYPE = YES_ERROR;
				GCC_WARN_UNDECLARED_SELECTOR = YES;
				GCC_WARN_UNINITIALIZED_AUTOS = YES_AGGRESSIVE;
				GCC_WARN_UNUSED_FUNCTION = YES;
				GCC_WARN_UNUSED_VARIABLE = YES;
				IPHONEOS_DEPLOYMENT_TARGET = 10.1;
				MTL_ENABLE_DEBUG_INFO = YES;
				ONLY_ACTIVE_ARCH = YES;
				SDKROOT = iphoneos;
			};
			name = Debug;
		};
		76E5AF3D1EF244B40054B134 /* Release */ = {
			isa = XCBuildConfiguration;
			buildSettings = {
				ALWAYS_SEARCH_USER_PATHS = NO;
				CLANG_ANALYZER_NONNULL = YES;
				CLANG_CXX_LANGUAGE_STANDARD = "gnu++0x";
				CLANG_CXX_LIBRARY = "libc++";
				CLANG_ENABLE_MODULES = YES;
				CLANG_ENABLE_OBJC_ARC = YES;
				CLANG_WARN_BOOL_CONVERSION = YES;
				CLANG_WARN_CONSTANT_CONVERSION = YES;
				CLANG_WARN_DIRECT_OBJC_ISA_USAGE = YES_ERROR;
				CLANG_WARN_DOCUMENTATION_COMMENTS = YES;
				CLANG_WARN_EMPTY_BODY = YES;
				CLANG_WARN_ENUM_CONVERSION = YES;
				CLANG_WARN_INFINITE_RECURSION = YES;
				CLANG_WARN_INT_CONVERSION = YES;
				CLANG_WARN_OBJC_ROOT_CLASS = YES_ERROR;
				CLANG_WARN_SUSPICIOUS_MOVES = YES;
				CLANG_WARN_UNREACHABLE_CODE = YES;
				CLANG_WARN__DUPLICATE_METHOD_MATCH = YES;
				"CODE_SIGN_IDENTITY[sdk=iphoneos*]" = "iPhone Developer";
				COPY_PHASE_STRIP = NO;
				DEBUG_INFORMATION_FORMAT = "dwarf-with-dsym";
				ENABLE_NS_ASSERTIONS = NO;
				ENABLE_STRICT_OBJC_MSGSEND = YES;
				GCC_C_LANGUAGE_STANDARD = gnu99;
				GCC_NO_COMMON_BLOCKS = YES;
				GCC_WARN_64_TO_32_BIT_CONVERSION = YES;
				GCC_WARN_ABOUT_RETURN_TYPE = YES_ERROR;
				GCC_WARN_UNDECLARED_SELECTOR = YES;
				GCC_WARN_UNINITIALIZED_AUTOS = YES_AGGRESSIVE;
				GCC_WARN_UNUSED_FUNCTION = YES;
				GCC_WARN_UNUSED_VARIABLE = YES;
				IPHONEOS_DEPLOYMENT_TARGET = 10.1;
				MTL_ENABLE_DEBUG_INFO = NO;
				SDKROOT = iphoneos;
				VALIDATE_PRODUCT = YES;
			};
			name = Release;
		};
		76E5AF3F1EF244B40054B134 /* Debug */ = {
			isa = XCBuildConfiguration;
			buildSettings = {
				ASSETCATALOG_COMPILER_APPICON_NAME = AppIcon;
				INFOPLIST_FILE = ProjectFile/Info.plist;
				LD_RUNPATH_SEARCH_PATHS = "$(inherited) @executable_path/Frameworks";
				PRODUCT_BUNDLE_IDENTIFIER = LN.ProjectFile;
				PRODUCT_NAME = "$(TARGET_NAME)";
			};
			name = Debug;
		};
		76E5AF401EF244B40054B134 /* Release */ = {
			isa = XCBuildConfiguration;
			buildSettings = {
				ASSETCATALOG_COMPILER_APPICON_NAME = AppIcon;
				INFOPLIST_FILE = ProjectFile/Info.plist;
				LD_RUNPATH_SEARCH_PATHS = "$(inherited) @executable_path/Frameworks";
				PRODUCT_BUNDLE_IDENTIFIER = LN.ProjectFile;
				PRODUCT_NAME = "$(TARGET_NAME)";
			};
			name = Release;
		};
		76E5AF421EF244B40054B134 /* Debug */ = {
			isa = XCBuildConfiguration;
			buildSettings = {
				BUNDLE_LOADER = "$(TEST_HOST)";
				INFOPLIST_FILE = ProjectFileTests/Info.plist;
				LD_RUNPATH_SEARCH_PATHS = "$(inherited) @executable_path/Frameworks @loader_path/Frameworks";
				PRODUCT_BUNDLE_IDENTIFIER = LN.ProjectFileTests;
				PRODUCT_NAME = "$(TARGET_NAME)";
				TEST_HOST = "$(BUILT_PRODUCTS_DIR)/ProjectFile.app/ProjectFile";
			};
			name = Debug;
		};
		76E5AF431EF244B40054B134 /* Release */ = {
			isa = XCBuildConfiguration;
			buildSettings = {
				BUNDLE_LOADER = "$(TEST_HOST)";
				INFOPLIST_FILE = ProjectFileTests/Info.plist;
				LD_RUNPATH_SEARCH_PATHS = "$(inherited) @executable_path/Frameworks @loader_path/Frameworks";
				PRODUCT_BUNDLE_IDENTIFIER = LN.ProjectFileTests;
				PRODUCT_NAME = "$(TARGET_NAME)";
				TEST_HOST = "$(BUILT_PRODUCTS_DIR)/ProjectFile.app/ProjectFile";
			};
			name = Release;
		};
		76E5AF451EF244B40054B134 /* Debug */ = {
			isa = XCBuildConfiguration;
			buildSettings = {
				INFOPLIST_FILE = ProjectFileUITests/Info.plist;
				LD_RUNPATH_SEARCH_PATHS = "$(inherited) @executable_path/Frameworks @loader_path/Frameworks";
				PRODUCT_BUNDLE_IDENTIFIER = LN.ProjectFileUITests;
				PRODUCT_NAME = "$(TARGET_NAME)";
				TEST_TARGET_NAME = ProjectFile;
			};
			name = Debug;
		};
		76E5AF461EF244B40054B134 /* Release */ = {
			isa = XCBuildConfiguration;
			buildSettings = {
				INFOPLIST_FILE = ProjectFileUITests/Info.plist;
				LD_RUNPATH_SEARCH_PATHS = "$(inherited) @executable_path/Frameworks @loader_path/Frameworks";
				PRODUCT_BUNDLE_IDENTIFIER = LN.ProjectFileUITests;
				PRODUCT_NAME = "$(TARGET_NAME)";
				TEST_TARGET_NAME = ProjectFile;
			};
			name = Release;
		};
/* End XCBuildConfiguration section */

/* Begin XCConfigurationList section */
		76E5AF0C1EF244B30054B134 /* Build configuration list for PBXProject "ProjectFile" */ = {
			isa = XCConfigurationList;
			buildConfigurations = (
				76E5AF3C1EF244B40054B134 /* Debug */,
				76E5AF3D1EF244B40054B134 /* Release */,
			);
			defaultConfigurationIsVisible = 0;
			defaultConfigurationName = Release;
		};
		76E5AF3E1EF244B40054B134 /* Build configuration list for PBXNativeTarget "ProjectFile" */ = {
			isa = XCConfigurationList;
			buildConfigurations = (
				76E5AF3F1EF244B40054B134 /* Debug */,
				76E5AF401EF244B40054B134 /* Release */,
			);
			defaultConfigurationIsVisible = 0;
		};
		76E5AF411EF244B40054B134 /* Build configuration list for PBXNativeTarget "ProjectFileTests" */ = {
			isa = XCConfigurationList;
			buildConfigurations = (
				76E5AF421EF244B40054B134 /* Debug */,
				76E5AF431EF244B40054B134 /* Release */,
			);
			defaultConfigurationIsVisible = 0;
		};
		76E5AF441EF244B40054B134 /* Build configuration list for PBXNativeTarget "ProjectFileUITests" */ = {
			isa = XCConfigurationList;
			buildConfigurations = (
				76E5AF451EF244B40054B134 /* Debug */,
				76E5AF461EF244B40054B134 /* Release */,
			);
			defaultConfigurationIsVisible = 0;
		};
/* End XCConfigurationList section */
	};
	rootObject = 76E5AF091EF244B30054B134 /* Project object */;
}
