// !$*UTF8*$!
{
	archiveVersion = 1;
	classes = {
	};
	objectVersion = 46;
	objects = {

/* Begin PBXBuildFile section */
		76BC15F01EE027BA0030BB1D /* UIControl.m in Sources */ = {isa = PBXBuildFile; fileRef = 76BC15EF1EE027BA0030BB1D /* UIControl.m */; };
		76BF64401EC6E2100098EC9C /* NSAttributedString.m in Sources */ = {isa = PBXBuildFile; fileRef = 76BF643F1EC6E2100098EC9C /* NSAttributedString.m */; };
		76C8798B1EACFAD70088ABF7 /* main.m in Sources */ = {isa = PBXBuildFile; fileRef = 76C8798A1EACFAD70088ABF7 /* main.m */; };
		76C879941EACFAD70088ABF7 /* Main.storyboard in Resources */ = {isa = PBXBuildFile; fileRef = 76C879921EACFAD70088ABF7 /* Main.storyboard */; };
		76C879961EACFAD70088ABF7 /* Assets.xcassets in Resources */ = {isa = PBXBuildFile; fileRef = 76C879951EACFAD70088ABF7 /* Assets.xcassets */; };
		76C879991EACFAD70088ABF7 /* LaunchScreen.storyboard in Resources */ = {isa = PBXBuildFile; fileRef = 76C879971EACFAD70088ABF7 /* LaunchScreen.storyboard */; };
		76C879A41EACFAD70088ABF7 /* MyUIKit_AnnotationsTests.m in Sources */ = {isa = PBXBuildFile; fileRef = 76C879A31EACFAD70088ABF7 /* MyUIKit_AnnotationsTests.m */; };
		76C879AF1EACFAD70088ABF7 /* MyUIKit_AnnotationsUITests.m in Sources */ = {isa = PBXBuildFile; fileRef = 76C879AE1EACFAD70088ABF7 /* MyUIKit_AnnotationsUITests.m */; };
		76C87A441EACFBA30088ABF7 /* AppDelegate.m in Sources */ = {isa = PBXBuildFile; fileRef = 76C87A011EACFBA30088ABF7 /* AppDelegate.m */; };
		76C87A451EACFBA30088ABF7 /* UIKit框架.jpg in Resources */ = {isa = PBXBuildFile; fileRef = 76C87A031EACFBA30088ABF7 /* UIKit框架.jpg */; };
		76C87A461EACFBA30088ABF7 /* ViewController.m in Sources */ = {isa = PBXBuildFile; fileRef = 76C87A051EACFBA30088ABF7 /* ViewController.m */; };
		76C87A471EACFBA30088ABF7 /* UICollectionView.m in Sources */ = {isa = PBXBuildFile; fileRef = 76C87A271EACFBA30088ABF7 /* UICollectionView.m */; };
		76C87A481EACFBA30088ABF7 /* UIScrollView.m in Sources */ = {isa = PBXBuildFile; fileRef = 76C87A311EACFBA30088ABF7 /* UIScrollView.m */; };
		76C87A491EACFBA30088ABF7 /* UITableView.m in Sources */ = {isa = PBXBuildFile; fileRef = 76C87A351EACFBA30088ABF7 /* UITableView.m */; };
/* End PBXBuildFile section */

/* Begin PBXContainerItemProxy section */
		76C879A01EACFAD70088ABF7 /* PBXContainerItemProxy */ = {
			isa = PBXContainerItemProxy;
			containerPortal = 76C8797E1EACFAD70088ABF7 /* Project object */;
			proxyType = 1;
			remoteGlobalIDString = 76C879851EACFAD70088ABF7;
			remoteInfo = "MyUIKit-Annotations";
		};
		76C879AB1EACFAD70088ABF7 /* PBXContainerItemProxy */ = {
			isa = PBXContainerItemProxy;
			containerPortal = 76C8797E1EACFAD70088ABF7 /* Project object */;
			proxyType = 1;
			remoteGlobalIDString = 76C879851EACFAD70088ABF7;
			remoteInfo = "MyUIKit-Annotations";
		};
/* End PBXContainerItemProxy section */

/* Begin PBXFileReference section */
		7672ADF81EB0906D0058D238 /* WKWebView.h */ = {isa = PBXFileReference; fileEncoding = 4; lastKnownFileType = sourcecode.c.h; path = WKWebView.h; sourceTree = "<group>"; };
		76BC15D61EDE92510030BB1D /* UIButton.h */ = {isa = PBXFileReference; fileEncoding = 4; lastKnownFileType = sourcecode.c.h; path = UIButton.h; sourceTree = "<group>"; };
		76BC15D71EDE945D0030BB1D /* UIColor.h */ = {isa = PBXFileReference; fileEncoding = 4; lastKnownFileType = sourcecode.c.h; path = UIColor.h; sourceTree = "<group>"; };
		76BC15EF1EE027BA0030BB1D /* UIControl.m */ = {isa = PBXFileReference; fileEncoding = 4; lastKnownFileType = sourcecode.c.objc; path = UIControl.m; sourceTree = "<group>"; };
		76BF643E1EC6E2100098EC9C /* NSAttributedString.h */ = {isa = PBXFileReference; fileEncoding = 4; lastKnownFileType = sourcecode.c.h; path = NSAttributedString.h; sourceTree = "<group>"; };
		76BF643F1EC6E2100098EC9C /* NSAttributedString.m */ = {isa = PBXFileReference; fileEncoding = 4; lastKnownFileType = sourcecode.c.objc; path = NSAttributedString.m; sourceTree = "<group>"; };
		76C081FD1ECEBFCD004C36AA /* runtime.h */ = {isa = PBXFileReference; fileEncoding = 4; lastKnownFileType = sourcecode.c.h; path = runtime.h; sourceTree = "<group>"; };
		76C5DA131EB2EDE200CCEB50 /* NSArray.h */ = {isa = PBXFileReference; fileEncoding = 4; lastKnownFileType = sourcecode.c.h; path = NSArray.h; sourceTree = "<group>"; };
		76C879861EACFAD70088ABF7 /* MyUIKit-Annotations.app */ = {isa = PBXFileReference; explicitFileType = wrapper.application; includeInIndex = 0; path = "MyUIKit-Annotations.app"; sourceTree = BUILT_PRODUCTS_DIR; };
		76C8798A1EACFAD70088ABF7 /* main.m */ = {isa = PBXFileReference; lastKnownFileType = sourcecode.c.objc; path = main.m; sourceTree = "<group>"; };
		76C879931EACFAD70088ABF7 /* Base */ = {isa = PBXFileReference; lastKnownFileType = file.storyboard; name = Base; path = Base.lproj/Main.storyboard; sourceTree = "<group>"; };
		76C879951EACFAD70088ABF7 /* Assets.xcassets */ = {isa = PBXFileReference; lastKnownFileType = folder.assetcatalog; path = Assets.xcassets; sourceTree = "<group>"; };
		76C879981EACFAD70088ABF7 /* Base */ = {isa = PBXFileReference; lastKnownFileType = file.storyboard; name = Base; path = Base.lproj/LaunchScreen.storyboard; sourceTree = "<group>"; };
		76C8799A1EACFAD70088ABF7 /* Info.plist */ = {isa = PBXFileReference; lastKnownFileType = text.plist.xml; path = Info.plist; sourceTree = "<group>"; };
		76C8799F1EACFAD70088ABF7 /* MyUIKit-AnnotationsTests.xctest */ = {isa = PBXFileReference; explicitFileType = wrapper.cfbundle; includeInIndex = 0; path = "MyUIKit-AnnotationsTests.xctest"; sourceTree = BUILT_PRODUCTS_DIR; };
		76C879A31EACFAD70088ABF7 /* MyUIKit_AnnotationsTests.m */ = {isa = PBXFileReference; lastKnownFileType = sourcecode.c.objc; path = MyUIKit_AnnotationsTests.m; sourceTree = "<group>"; };
		76C879A51EACFAD70088ABF7 /* Info.plist */ = {isa = PBXFileReference; lastKnownFileType = text.plist.xml; path = Info.plist; sourceTree = "<group>"; };
		76C879AA1EACFAD70088ABF7 /* MyUIKit-AnnotationsUITests.xctest */ = {isa = PBXFileReference; explicitFileType = wrapper.cfbundle; includeInIndex = 0; path = "MyUIKit-AnnotationsUITests.xctest"; sourceTree = BUILT_PRODUCTS_DIR; };
		76C879AE1EACFAD70088ABF7 /* MyUIKit_AnnotationsUITests.m */ = {isa = PBXFileReference; lastKnownFileType = sourcecode.c.objc; path = MyUIKit_AnnotationsUITests.m; sourceTree = "<group>"; };
		76C879B01EACFAD70088ABF7 /* Info.plist */ = {isa = PBXFileReference; lastKnownFileType = text.plist.xml; path = Info.plist; sourceTree = "<group>"; };
		76C879FC1EACFBA30088ABF7 /* UIBezierPath.h */ = {isa = PBXFileReference; fileEncoding = 4; lastKnownFileType = sourcecode.c.h; path = UIBezierPath.h; sourceTree = "<group>"; };
		76C879FD1EACFBA30088ABF7 /* NSURLSession.h */ = {isa = PBXFileReference; fileEncoding = 4; lastKnownFileType = sourcecode.c.h; path = NSURLSession.h; sourceTree = "<group>"; };
		76C879FE1EACFBA30088ABF7 /* UIKitDefines.h */ = {isa = PBXFileReference; fileEncoding = 4; lastKnownFileType = sourcecode.c.h; path = UIKitDefines.h; sourceTree = "<group>"; };
		76C87A001EACFBA30088ABF7 /* AppDelegate.h */ = {isa = PBXFileReference; fileEncoding = 4; lastKnownFileType = sourcecode.c.h; path = AppDelegate.h; sourceTree = "<group>"; };
		76C87A011EACFBA30088ABF7 /* AppDelegate.m */ = {isa = PBXFileReference; fileEncoding = 4; lastKnownFileType = sourcecode.c.objc; path = AppDelegate.m; sourceTree = "<group>"; };
		76C87A021EACFBA30088ABF7 /* UIKit.h */ = {isa = PBXFileReference; fileEncoding = 4; lastKnownFileType = sourcecode.c.h; path = UIKit.h; sourceTree = "<group>"; };
		76C87A031EACFBA30088ABF7 /* UIKit框架.jpg */ = {isa = PBXFileReference; lastKnownFileType = image.jpeg; path = "UIKit框架.jpg"; sourceTree = "<group>"; };
		76C87A041EACFBA30088ABF7 /* ViewController.h */ = {isa = PBXFileReference; fileEncoding = 4; lastKnownFileType = sourcecode.c.h; path = ViewController.h; sourceTree = "<group>"; };
		76C87A051EACFBA30088ABF7 /* ViewController.m */ = {isa = PBXFileReference; fileEncoding = 4; lastKnownFileType = sourcecode.c.objc; path = ViewController.m; sourceTree = "<group>"; };
		76C87A071EACFBA30088ABF7 /* UIBarButtonItem.h */ = {isa = PBXFileReference; fileEncoding = 4; lastKnownFileType = sourcecode.c.h; path = UIBarButtonItem.h; sourceTree = "<group>"; };
		76C87A081EACFBA30088ABF7 /* UIBarItem.h */ = {isa = PBXFileReference; fileEncoding = 4; lastKnownFileType = sourcecode.c.h; path = UIBarItem.h; sourceTree = "<group>"; };
		76C87A091EACFBA30088ABF7 /* UITabBarItem.h */ = {isa = PBXFileReference; fileEncoding = 4; lastKnownFileType = sourcecode.c.h; path = UITabBarItem.h; sourceTree = "<group>"; };
		76C87A0B1EACFBA30088ABF7 /* UIButton.h */ = {isa = PBXFileReference; fileEncoding = 4; lastKnownFileType = sourcecode.c.h; path = UIButton.h; sourceTree = "<group>"; };
		76C87A0C1EACFBA30088ABF7 /* UIControl.h */ = {isa = PBXFileReference; fileEncoding = 4; lastKnownFileType = sourcecode.c.h; path = UIControl.h; sourceTree = "<group>"; };
		76C87A0D1EACFBA30088ABF7 /* UIDatePicker.h */ = {isa = PBXFileReference; fileEncoding = 4; lastKnownFileType = sourcecode.c.h; path = UIDatePicker.h; sourceTree = "<group>"; };
		76C87A0E1EACFBA30088ABF7 /* UIPageControl.h */ = {isa = PBXFileReference; fileEncoding = 4; lastKnownFileType = sourcecode.c.h; path = UIPageControl.h; sourceTree = "<group>"; };
		76C87A0F1EACFBA30088ABF7 /* UISegmentedControl.h */ = {isa = PBXFileReference; fileEncoding = 4; lastKnownFileType = sourcecode.c.h; path = UISegmentedControl.h; sourceTree = "<group>"; };
		76C87A101EACFBA30088ABF7 /* UISlider.h */ = {isa = PBXFileReference; fileEncoding = 4; lastKnownFileType = sourcecode.c.h; path = UISlider.h; sourceTree = "<group>"; };
		76C87A111EACFBA30088ABF7 /* UISwitch.h */ = {isa = PBXFileReference; fileEncoding = 4; lastKnownFileType = sourcecode.c.h; path = UISwitch.h; sourceTree = "<group>"; };
		76C87A121EACFBA30088ABF7 /* UITextField.h */ = {isa = PBXFileReference; fileEncoding = 4; lastKnownFileType = sourcecode.c.h; path = UITextField.h; sourceTree = "<group>"; };
		76C87A141EACFBA30088ABF7 /* UILongPressGestureRecognizer.h */ = {isa = PBXFileReference; fileEncoding = 4; lastKnownFileType = sourcecode.c.h; path = UILongPressGestureRecognizer.h; sourceTree = "<group>"; };
		76C87A151EACFBA30088ABF7 /* UIPanGestureRecognizer.h */ = {isa = PBXFileReference; fileEncoding = 4; lastKnownFileType = sourcecode.c.h; path = UIPanGestureRecognizer.h; sourceTree = "<group>"; };
		76C87A161EACFBA30088ABF7 /* UIPinchGestureRecognizer.h */ = {isa = PBXFileReference; fileEncoding = 4; lastKnownFileType = sourcecode.c.h; path = UIPinchGestureRecognizer.h; sourceTree = "<group>"; };
		76C87A171EACFBA30088ABF7 /* UIRotationGestureRecognizer.h */ = {isa = PBXFileReference; fileEncoding = 4; lastKnownFileType = sourcecode.c.h; path = UIRotationGestureRecognizer.h; sourceTree = "<group>"; };
		76C87A181EACFBA30088ABF7 /* UISwipeGestureRecognizer.h */ = {isa = PBXFileReference; fileEncoding = 4; lastKnownFileType = sourcecode.c.h; path = UISwipeGestureRecognizer.h; sourceTree = "<group>"; };
		76C87A191EACFBA30088ABF7 /* UITapGestureRecognizer.h */ = {isa = PBXFileReference; fileEncoding = 4; lastKnownFileType = sourcecode.c.h; path = UITapGestureRecognizer.h; sourceTree = "<group>"; };
		76C87A231EACFBA30088ABF7 /* UIActionSheet.h */ = {isa = PBXFileReference; fileEncoding = 4; lastKnownFileType = sourcecode.c.h; path = UIActionSheet.h; sourceTree = "<group>"; };
		76C87A241EACFBA30088ABF7 /* UIActivityIndicatorView.h */ = {isa = PBXFileReference; fileEncoding = 4; lastKnownFileType = sourcecode.c.h; path = UIActivityIndicatorView.h; sourceTree = "<group>"; };
		76C87A251EACFBA30088ABF7 /* UIAlertView.h */ = {isa = PBXFileReference; fileEncoding = 4; lastKnownFileType = sourcecode.c.h; path = UIAlertView.h; sourceTree = "<group>"; };
		76C87A261EACFBA30088ABF7 /* UICollectionView.h */ = {isa = PBXFileReference; fileEncoding = 4; lastKnownFileType = sourcecode.c.h; path = UICollectionView.h; sourceTree = "<group>"; };
		76C87A271EACFBA30088ABF7 /* UICollectionView.m */ = {isa = PBXFileReference; fileEncoding = 4; lastKnownFileType = sourcecode.c.objc; path = UICollectionView.m; sourceTree = "<group>"; };
		76C87A281EACFBA30088ABF7 /* UICollectionViewCell.h */ = {isa = PBXFileReference; fileEncoding = 4; lastKnownFileType = sourcecode.c.h; path = UICollectionViewCell.h; sourceTree = "<group>"; };
		76C87A291EACFBA30088ABF7 /* UICollectionViewFlowLayout.h */ = {isa = PBXFileReference; fileEncoding = 4; lastKnownFileType = sourcecode.c.h; path = UICollectionViewFlowLayout.h; sourceTree = "<group>"; };
		76C87A2A1EACFBA30088ABF7 /* UICollectionViewLayout.h */ = {isa = PBXFileReference; fileEncoding = 4; lastKnownFileType = sourcecode.c.h; path = UICollectionViewLayout.h; sourceTree = "<group>"; };
		76C87A2B1EACFBA30088ABF7 /* UIImageView.h */ = {isa = PBXFileReference; fileEncoding = 4; lastKnownFileType = sourcecode.c.h; path = UIImageView.h; sourceTree = "<group>"; };
		76C87A2C1EACFBA30088ABF7 /* UILabel.h */ = {isa = PBXFileReference; fileEncoding = 4; lastKnownFileType = sourcecode.c.h; path = UILabel.h; sourceTree = "<group>"; };
		76C87A2D1EACFBA30088ABF7 /* UINavigationBar.h */ = {isa = PBXFileReference; fileEncoding = 4; lastKnownFileType = sourcecode.c.h; path = UINavigationBar.h; sourceTree = "<group>"; };
		76C87A2E1EACFBA30088ABF7 /* UIPickerView.h */ = {isa = PBXFileReference; fileEncoding = 4; lastKnownFileType = sourcecode.c.h; path = UIPickerView.h; sourceTree = "<group>"; };
		76C87A2F1EACFBA30088ABF7 /* UIProgressView.h */ = {isa = PBXFileReference; fileEncoding = 4; lastKnownFileType = sourcecode.c.h; path = UIProgressView.h; sourceTree = "<group>"; };
		76C87A301EACFBA30088ABF7 /* UIScrollView.h */ = {isa = PBXFileReference; fileEncoding = 4; lastKnownFileType = sourcecode.c.h; path = UIScrollView.h; sourceTree = "<group>"; };
		76C87A311EACFBA30088ABF7 /* UIScrollView.m */ = {isa = PBXFileReference; fileEncoding = 4; lastKnownFileType = sourcecode.c.objc; path = UIScrollView.m; sourceTree = "<group>"; };
		76C87A321EACFBA30088ABF7 /* UISearchBar.h */ = {isa = PBXFileReference; fileEncoding = 4; lastKnownFileType = sourcecode.c.h; path = UISearchBar.h; sourceTree = "<group>"; };
		76C87A331EACFBA30088ABF7 /* UITabBar.h */ = {isa = PBXFileReference; fileEncoding = 4; lastKnownFileType = sourcecode.c.h; path = UITabBar.h; sourceTree = "<group>"; };
		76C87A341EACFBA30088ABF7 /* UITableView.h */ = {isa = PBXFileReference; fileEncoding = 4; lastKnownFileType = sourcecode.c.h; path = UITableView.h; sourceTree = "<group>"; };
		76C87A351EACFBA30088ABF7 /* UITableView.m */ = {isa = PBXFileReference; fileEncoding = 4; lastKnownFileType = sourcecode.c.objc; path = UITableView.m; sourceTree = "<group>"; };
		76C87A361EACFBA30088ABF7 /* UITableViewCell.h */ = {isa = PBXFileReference; fileEncoding = 4; lastKnownFileType = sourcecode.c.h; path = UITableViewCell.h; sourceTree = "<group>"; };
		76C87A371EACFBA30088ABF7 /* UITextView.h */ = {isa = PBXFileReference; fileEncoding = 4; lastKnownFileType = sourcecode.c.h; path = UITextView.h; sourceTree = "<group>"; };
		76C87A381EACFBA30088ABF7 /* UIToolbar.h */ = {isa = PBXFileReference; fileEncoding = 4; lastKnownFileType = sourcecode.c.h; path = UIToolbar.h; sourceTree = "<group>"; };
		76C87A391EACFBA30088ABF7 /* UIView.h */ = {isa = PBXFileReference; fileEncoding = 4; lastKnownFileType = sourcecode.c.h; path = UIView.h; sourceTree = "<group>"; };
		76C87A3A1EACFBA30088ABF7 /* UIWebView.h */ = {isa = PBXFileReference; fileEncoding = 4; lastKnownFileType = sourcecode.c.h; path = UIWebView.h; sourceTree = "<group>"; };
		76C87A3B1EACFBA30088ABF7 /* UIWindow.h */ = {isa = PBXFileReference; fileEncoding = 4; lastKnownFileType = sourcecode.c.h; path = UIWindow.h; sourceTree = "<group>"; };
		76C87A3D1EACFBA30088ABF7 /* UICollectionViewController.h */ = {isa = PBXFileReference; fileEncoding = 4; lastKnownFileType = sourcecode.c.h; path = UICollectionViewController.h; sourceTree = "<group>"; };
		76C87A3E1EACFBA30088ABF7 /* UIImagePickerController.h */ = {isa = PBXFileReference; fileEncoding = 4; lastKnownFileType = sourcecode.c.h; path = UIImagePickerController.h; sourceTree = "<group>"; };
		76C87A3F1EACFBA30088ABF7 /* UINavigationController.h */ = {isa = PBXFileReference; fileEncoding = 4; lastKnownFileType = sourcecode.c.h; path = UINavigationController.h; sourceTree = "<group>"; };
		76C87A401EACFBA30088ABF7 /* UITabBarController.h */ = {isa = PBXFileReference; fileEncoding = 4; lastKnownFileType = sourcecode.c.h; path = UITabBarController.h; sourceTree = "<group>"; };
		76C87A411EACFBA30088ABF7 /* UITableViewController.h */ = {isa = PBXFileReference; fileEncoding = 4; lastKnownFileType = sourcecode.c.h; path = UITableViewController.h; sourceTree = "<group>"; };
		76C87A421EACFBA30088ABF7 /* UIVideoEditorController.h */ = {isa = PBXFileReference; fileEncoding = 4; lastKnownFileType = sourcecode.c.h; path = UIVideoEditorController.h; sourceTree = "<group>"; };
		76C87A431EACFBA30088ABF7 /* UIViewController.h */ = {isa = PBXFileReference; fileEncoding = 4; lastKnownFileType = sourcecode.c.h; path = UIViewController.h; sourceTree = "<group>"; };
		76F350511EAF6D2D004A5723 /* UIImage.h */ = {isa = PBXFileReference; fileEncoding = 4; lastKnownFileType = sourcecode.c.h; path = UIImage.h; sourceTree = "<group>"; };
/* End PBXFileReference section */

/* Begin PBXFrameworksBuildPhase section */
		76C879831EACFAD70088ABF7 /* Frameworks */ = {
			isa = PBXFrameworksBuildPhase;
			buildActionMask = 2147483647;
			files = (
			);
			runOnlyForDeploymentPostprocessing = 0;
		};
		76C8799C1EACFAD70088ABF7 /* Frameworks */ = {
			isa = PBXFrameworksBuildPhase;
			buildActionMask = 2147483647;
			files = (
			);
			runOnlyForDeploymentPostprocessing = 0;
		};
		76C879A71EACFAD70088ABF7 /* Frameworks */ = {
			isa = PBXFrameworksBuildPhase;
			buildActionMask = 2147483647;
			files = (
			);
			runOnlyForDeploymentPostprocessing = 0;
		};
/* End PBXFrameworksBuildPhase section */

/* Begin PBXGroup section */
		7672ADF71EB090140058D238 /* Other frameworks */ = {
			isa = PBXGroup;
			children = (
				76C081FD1ECEBFCD004C36AA /* runtime.h */,
				7672ADF81EB0906D0058D238 /* WKWebView.h */,
			);
			path = "Other frameworks";
			sourceTree = "<group>";
		};
		76C8797D1EACFAD70088ABF7 = {
			isa = PBXGroup;
			children = (
				76C879881EACFAD70088ABF7 /* MyUIKit-Annotations */,
				76C879A21EACFAD70088ABF7 /* MyUIKit-AnnotationsTests */,
				76C879AD1EACFAD70088ABF7 /* MyUIKit-AnnotationsUITests */,
				76C879871EACFAD70088ABF7 /* Products */,
			);
			sourceTree = "<group>";
		};
		76C879871EACFAD70088ABF7 /* Products */ = {
			isa = PBXGroup;
			children = (
				76C879861EACFAD70088ABF7 /* MyUIKit-Annotations.app */,
				76C8799F1EACFAD70088ABF7 /* MyUIKit-AnnotationsTests.xctest */,
				76C879AA1EACFAD70088ABF7 /* MyUIKit-AnnotationsUITests.xctest */,
			);
			name = Products;
			sourceTree = "<group>";
		};
		76C879881EACFAD70088ABF7 /* MyUIKit-Annotations */ = {
			isa = PBXGroup;
			children = (
				76C879FB1EACFBA30088ABF7 /* NSObject */,
				76C87A061EACFBA30088ABF7 /* UIBarItem */,
				76C87A0A1EACFBA30088ABF7 /* UIControl */,
				76C87A131EACFBA30088ABF7 /* UIGestureRecognizer */,
				76C87A1A1EACFBA30088ABF7 /* UIKit Classes */,
				76C87A221EACFBA30088ABF7 /* UIView */,
				76C87A3C1EACFBA30088ABF7 /* UIViewController */,
				76C879FF1EACFBA30088ABF7 /* Other */,
				7672ADF71EB090140058D238 /* Other frameworks */,
				76C879921EACFAD70088ABF7 /* Main.storyboard */,
				76C879951EACFAD70088ABF7 /* Assets.xcassets */,
				76C879971EACFAD70088ABF7 /* LaunchScreen.storyboard */,
				76C8799A1EACFAD70088ABF7 /* Info.plist */,
				76C879891EACFAD70088ABF7 /* Supporting Files */,
			);
			path = "MyUIKit-Annotations";
			sourceTree = "<group>";
		};
		76C879891EACFAD70088ABF7 /* Supporting Files */ = {
			isa = PBXGroup;
			children = (
				76C8798A1EACFAD70088ABF7 /* main.m */,
			);
			name = "Supporting Files";
			sourceTree = "<group>";
		};
		76C879A21EACFAD70088ABF7 /* MyUIKit-AnnotationsTests */ = {
			isa = PBXGroup;
			children = (
				76C879A31EACFAD70088ABF7 /* MyUIKit_AnnotationsTests.m */,
				76C879A51EACFAD70088ABF7 /* Info.plist */,
			);
			path = "MyUIKit-AnnotationsTests";
			sourceTree = "<group>";
		};
		76C879AD1EACFAD70088ABF7 /* MyUIKit-AnnotationsUITests */ = {
			isa = PBXGroup;
			children = (
				76C879AE1EACFAD70088ABF7 /* MyUIKit_AnnotationsUITests.m */,
				76C879B01EACFAD70088ABF7 /* Info.plist */,
			);
			path = "MyUIKit-AnnotationsUITests";
			sourceTree = "<group>";
		};
		76C879FB1EACFBA30088ABF7 /* NSObject */ = {
			isa = PBXGroup;
			children = (
				76F350511EAF6D2D004A5723 /* UIImage.h */,
				76C5DA131EB2EDE200CCEB50 /* NSArray.h */,
				76BC15D71EDE945D0030BB1D /* UIColor.h */,
				76C879FC1EACFBA30088ABF7 /* UIBezierPath.h */,
				76C879FD1EACFBA30088ABF7 /* NSURLSession.h */,
				76C879FE1EACFBA30088ABF7 /* UIKitDefines.h */,
				76BF643E1EC6E2100098EC9C /* NSAttributedString.h */,
				76BF643F1EC6E2100098EC9C /* NSAttributedString.m */,
			);
			path = NSObject;
			sourceTree = "<group>";
		};
		76C879FF1EACFBA30088ABF7 /* Other */ = {
			isa = PBXGroup;
			children = (
				76C87A021EACFBA30088ABF7 /* UIKit.h */,
				76C87A031EACFBA30088ABF7 /* UIKit框架.jpg */,
				76C87A001EACFBA30088ABF7 /* AppDelegate.h */,
				76C87A011EACFBA30088ABF7 /* AppDelegate.m */,
				76C87A041EACFBA30088ABF7 /* ViewController.h */,
				76C87A051EACFBA30088ABF7 /* ViewController.m */,
			);
			path = Other;
			sourceTree = "<group>";
		};
		76C87A061EACFBA30088ABF7 /* UIBarItem */ = {
			isa = PBXGroup;
			children = (
				76C87A071EACFBA30088ABF7 /* UIBarButtonItem.h */,
				76C87A081EACFBA30088ABF7 /* UIBarItem.h */,
				76C87A091EACFBA30088ABF7 /* UITabBarItem.h */,
			);
			path = UIBarItem;
			sourceTree = "<group>";
		};
		76C87A0A1EACFBA30088ABF7 /* UIControl */ = {
			isa = PBXGroup;
			children = (
				76C87A0C1EACFBA30088ABF7 /* UIControl.h */,
				76BC15EF1EE027BA0030BB1D /* UIControl.m */,
				76C87A0B1EACFBA30088ABF7 /* UIButton.h */,
				76C87A0D1EACFBA30088ABF7 /* UIDatePicker.h */,
				76C87A0E1EACFBA30088ABF7 /* UIPageControl.h */,
				76C87A0F1EACFBA30088ABF7 /* UISegmentedControl.h */,
				76C87A101EACFBA30088ABF7 /* UISlider.h */,
				76C87A111EACFBA30088ABF7 /* UISwitch.h */,
				76C87A121EACFBA30088ABF7 /* UITextField.h */,
			);
			path = UIControl;
			sourceTree = "<group>";
		};
		76C87A131EACFBA30088ABF7 /* UIGestureRecognizer */ = {
			isa = PBXGroup;
			children = (
				76C87A141EACFBA30088ABF7 /* UILongPressGestureRecognizer.h */,
				76C87A151EACFBA30088ABF7 /* UIPanGestureRecognizer.h */,
				76C87A161EACFBA30088ABF7 /* UIPinchGestureRecognizer.h */,
				76C87A171EACFBA30088ABF7 /* UIRotationGestureRecognizer.h */,
				76C87A181EACFBA30088ABF7 /* UISwipeGestureRecognizer.h */,
				76C87A191EACFBA30088ABF7 /* UITapGestureRecognizer.h */,
			);
			path = UIGestureRecognizer;
			sourceTree = "<group>";
		};
		76C87A1A1EACFBA30088ABF7 /* UIKit Classes */ = {
			isa = PBXGroup;
			children = (
				76C87A1B1EACFBA30088ABF7 /* NSObject */,
				76C87A1C1EACFBA30088ABF7 /* Other */,
				76C87A1D1EACFBA30088ABF7 /* Private Categories */,
				76C87A1E1EACFBA30088ABF7 /* Private Classes */,
				76C87A1F1EACFBA30088ABF7 /* Protocol */,
				76C87A201EACFBA30088ABF7 /* UIView */,
				76C87A211EACFBA30088ABF7 /* UIViewController */,
			);
			path = "UIKit Classes";
			sourceTree = "<group>";
		};
		76C87A1B1EACFBA30088ABF7 /* NSObject */ = {
			isa = PBXGroup;
			children = (
			);
			path = NSObject;
			sourceTree = "<group>";
		};
		76C87A1C1EACFBA30088ABF7 /* Other */ = {
			isa = PBXGroup;
			children = (
			);
			path = Other;
			sourceTree = "<group>";
		};
		76C87A1D1EACFBA30088ABF7 /* Private Categories */ = {
			isa = PBXGroup;
			children = (
			);
			path = "Private Categories";
			sourceTree = "<group>";
		};
		76C87A1E1EACFBA30088ABF7 /* Private Classes */ = {
			isa = PBXGroup;
			children = (
			);
			path = "Private Classes";
			sourceTree = "<group>";
		};
		76C87A1F1EACFBA30088ABF7 /* Protocol */ = {
			isa = PBXGroup;
			children = (
			);
			path = Protocol;
			sourceTree = "<group>";
		};
		76C87A201EACFBA30088ABF7 /* UIView */ = {
			isa = PBXGroup;
			children = (
			);
			path = UIView;
			sourceTree = "<group>";
		};
		76C87A211EACFBA30088ABF7 /* UIViewController */ = {
			isa = PBXGroup;
			children = (
			);
			path = UIViewController;
			sourceTree = "<group>";
		};
		76C87A221EACFBA30088ABF7 /* UIView */ = {
			isa = PBXGroup;
			children = (
				76C87A301EACFBA30088ABF7 /* UIScrollView.h */,
				76C87A311EACFBA30088ABF7 /* UIScrollView.m */,
				76C87A341EACFBA30088ABF7 /* UITableView.h */,
				76C87A351EACFBA30088ABF7 /* UITableView.m */,
				76C87A361EACFBA30088ABF7 /* UITableViewCell.h */,
				76C87A261EACFBA30088ABF7 /* UICollectionView.h */,
				76C87A271EACFBA30088ABF7 /* UICollectionView.m */,
				76C87A281EACFBA30088ABF7 /* UICollectionViewCell.h */,
				76C87A291EACFBA30088ABF7 /* UICollectionViewFlowLayout.h */,
				76C87A2A1EACFBA30088ABF7 /* UICollectionViewLayout.h */,
				76C87A231EACFBA30088ABF7 /* UIActionSheet.h */,
				76C87A241EACFBA30088ABF7 /* UIActivityIndicatorView.h */,
				76C87A251EACFBA30088ABF7 /* UIAlertView.h */,
				76C87A2B1EACFBA30088ABF7 /* UIImageView.h */,
				76C87A2D1EACFBA30088ABF7 /* UINavigationBar.h */,
				76C87A2E1EACFBA30088ABF7 /* UIPickerView.h */,
				76C87A2F1EACFBA30088ABF7 /* UIProgressView.h */,
				76C87A321EACFBA30088ABF7 /* UISearchBar.h */,
				76C87A331EACFBA30088ABF7 /* UITabBar.h */,
				76C87A381EACFBA30088ABF7 /* UIToolbar.h */,
				76C87A371EACFBA30088ABF7 /* UITextView.h */,
				76C87A3A1EACFBA30088ABF7 /* UIWebView.h */,
				76BC15D61EDE92510030BB1D /* UIButton.h */,
				76C87A2C1EACFBA30088ABF7 /* UILabel.h */,
				76C87A391EACFBA30088ABF7 /* UIView.h */,
				76C87A3B1EACFBA30088ABF7 /* UIWindow.h */,
			);
			path = UIView;
			sourceTree = "<group>";
		};
		76C87A3C1EACFBA30088ABF7 /* UIViewController */ = {
			isa = PBXGroup;
			children = (
				76C87A3D1EACFBA30088ABF7 /* UICollectionViewController.h */,
				76C87A3E1EACFBA30088ABF7 /* UIImagePickerController.h */,
				76C87A3F1EACFBA30088ABF7 /* UINavigationController.h */,
				76C87A401EACFBA30088ABF7 /* UITabBarController.h */,
				76C87A411EACFBA30088ABF7 /* UITableViewController.h */,
				76C87A421EACFBA30088ABF7 /* UIVideoEditorController.h */,
				76C87A431EACFBA30088ABF7 /* UIViewController.h */,
			);
			path = UIViewController;
			sourceTree = "<group>";
		};
/* End PBXGroup section */

/* Begin PBXNativeTarget section */
		76C879851EACFAD70088ABF7 /* MyUIKit-Annotations */ = {
			isa = PBXNativeTarget;
			buildConfigurationList = 76C879B31EACFAD70088ABF7 /* Build configuration list for PBXNativeTarget "MyUIKit-Annotations" */;
			buildPhases = (
				76C879821EACFAD70088ABF7 /* Sources */,
				76C879831EACFAD70088ABF7 /* Frameworks */,
				76C879841EACFAD70088ABF7 /* Resources */,
			);
			buildRules = (
			);
			dependencies = (
			);
			name = "MyUIKit-Annotations";
			productName = "MyUIKit-Annotations";
			productReference = 76C879861EACFAD70088ABF7 /* MyUIKit-Annotations.app */;
			productType = "com.apple.product-type.application";
		};
		76C8799E1EACFAD70088ABF7 /* MyUIKit-AnnotationsTests */ = {
			isa = PBXNativeTarget;
			buildConfigurationList = 76C879B61EACFAD70088ABF7 /* Build configuration list for PBXNativeTarget "MyUIKit-AnnotationsTests" */;
			buildPhases = (
				76C8799B1EACFAD70088ABF7 /* Sources */,
				76C8799C1EACFAD70088ABF7 /* Frameworks */,
				76C8799D1EACFAD70088ABF7 /* Resources */,
			);
			buildRules = (
			);
			dependencies = (
				76C879A11EACFAD70088ABF7 /* PBXTargetDependency */,
			);
			name = "MyUIKit-AnnotationsTests";
			productName = "MyUIKit-AnnotationsTests";
			productReference = 76C8799F1EACFAD70088ABF7 /* MyUIKit-AnnotationsTests.xctest */;
			productType = "com.apple.product-type.bundle.unit-test";
		};
		76C879A91EACFAD70088ABF7 /* MyUIKit-AnnotationsUITests */ = {
			isa = PBXNativeTarget;
			buildConfigurationList = 76C879B91EACFAD70088ABF7 /* Build configuration list for PBXNativeTarget "MyUIKit-AnnotationsUITests" */;
			buildPhases = (
				76C879A61EACFAD70088ABF7 /* Sources */,
				76C879A71EACFAD70088ABF7 /* Frameworks */,
				76C879A81EACFAD70088ABF7 /* Resources */,
			);
			buildRules = (
			);
			dependencies = (
				76C879AC1EACFAD70088ABF7 /* PBXTargetDependency */,
			);
			name = "MyUIKit-AnnotationsUITests";
			productName = "MyUIKit-AnnotationsUITests";
			productReference = 76C879AA1EACFAD70088ABF7 /* MyUIKit-AnnotationsUITests.xctest */;
			productType = "com.apple.product-type.bundle.ui-testing";
		};
/* End PBXNativeTarget section */

/* Begin PBXProject section */
		76C8797E1EACFAD70088ABF7 /* Project object */ = {
			isa = PBXProject;
			attributes = {
				LastUpgradeCheck = 0810;
				ORGANIZATIONNAME = "Learning point";
				TargetAttributes = {
					76C879851EACFAD70088ABF7 = {
						CreatedOnToolsVersion = 8.1;
						ProvisioningStyle = Automatic;
					};
					76C8799E1EACFAD70088ABF7 = {
						CreatedOnToolsVersion = 8.1;
						ProvisioningStyle = Automatic;
						TestTargetID = 76C879851EACFAD70088ABF7;
					};
					76C879A91EACFAD70088ABF7 = {
						CreatedOnToolsVersion = 8.1;
						ProvisioningStyle = Automatic;
						TestTargetID = 76C879851EACFAD70088ABF7;
					};
				};
			};
			buildConfigurationList = 76C879811EACFAD70088ABF7 /* Build configuration list for PBXProject "MyUIKit-Annotations" */;
			compatibilityVersion = "Xcode 3.2";
			developmentRegion = English;
			hasScannedForEncodings = 0;
			knownRegions = (
				en,
				Base,
			);
			mainGroup = 76C8797D1EACFAD70088ABF7;
			productRefGroup = 76C879871EACFAD70088ABF7 /* Products */;
			projectDirPath = "";
			projectRoot = "";
			targets = (
				76C879851EACFAD70088ABF7 /* MyUIKit-Annotations */,
				76C8799E1EACFAD70088ABF7 /* MyUIKit-AnnotationsTests */,
				76C879A91EACFAD70088ABF7 /* MyUIKit-AnnotationsUITests */,
			);
		};
/* End PBXProject section */

/* Begin PBXResourcesBuildPhase section */
		76C879841EACFAD70088ABF7 /* Resources */ = {
			isa = PBXResourcesBuildPhase;
			buildActionMask = 2147483647;
			files = (
				76C87A451EACFBA30088ABF7 /* UIKit框架.jpg in Resources */,
				76C879991EACFAD70088ABF7 /* LaunchScreen.storyboard in Resources */,
				76C879961EACFAD70088ABF7 /* Assets.xcassets in Resources */,
				76C879941EACFAD70088ABF7 /* Main.storyboard in Resources */,
			);
			runOnlyForDeploymentPostprocessing = 0;
		};
		76C8799D1EACFAD70088ABF7 /* Resources */ = {
			isa = PBXResourcesBuildPhase;
			buildActionMask = 2147483647;
			files = (
			);
			runOnlyForDeploymentPostprocessing = 0;
		};
		76C879A81EACFAD70088ABF7 /* Resources */ = {
			isa = PBXResourcesBuildPhase;
			buildActionMask = 2147483647;
			files = (
			);
			runOnlyForDeploymentPostprocessing = 0;
		};
/* End PBXResourcesBuildPhase section */

/* Begin PBXSourcesBuildPhase section */
		76C879821EACFAD70088ABF7 /* Sources */ = {
			isa = PBXSourcesBuildPhase;
			buildActionMask = 2147483647;
			files = (
				76BF64401EC6E2100098EC9C /* NSAttributedString.m in Sources */,
				76C87A461EACFBA30088ABF7 /* ViewController.m in Sources */,
				76C87A491EACFBA30088ABF7 /* UITableView.m in Sources */,
				76C87A441EACFBA30088ABF7 /* AppDelegate.m in Sources */,
				76C87A481EACFBA30088ABF7 /* UIScrollView.m in Sources */,
				76BC15F01EE027BA0030BB1D /* UIControl.m in Sources */,
				76C87A471EACFBA30088ABF7 /* UICollectionView.m in Sources */,
				76C8798B1EACFAD70088ABF7 /* main.m in Sources */,
			);
			runOnlyForDeploymentPostprocessing = 0;
		};
		76C8799B1EACFAD70088ABF7 /* Sources */ = {
			isa = PBXSourcesBuildPhase;
			buildActionMask = 2147483647;
			files = (
				76C879A41EACFAD70088ABF7 /* MyUIKit_AnnotationsTests.m in Sources */,
			);
			runOnlyForDeploymentPostprocessing = 0;
		};
		76C879A61EACFAD70088ABF7 /* Sources */ = {
			isa = PBXSourcesBuildPhase;
			buildActionMask = 2147483647;
			files = (
				76C879AF1EACFAD70088ABF7 /* MyUIKit_AnnotationsUITests.m in Sources */,
			);
			runOnlyForDeploymentPostprocessing = 0;
		};
/* End PBXSourcesBuildPhase section */

/* Begin PBXTargetDependency section */
		76C879A11EACFAD70088ABF7 /* PBXTargetDependency */ = {
			isa = PBXTargetDependency;
			target = 76C879851EACFAD70088ABF7 /* MyUIKit-Annotations */;
			targetProxy = 76C879A01EACFAD70088ABF7 /* PBXContainerItemProxy */;
		};
		76C879AC1EACFAD70088ABF7 /* PBXTargetDependency */ = {
			isa = PBXTargetDependency;
			target = 76C879851EACFAD70088ABF7 /* MyUIKit-Annotations */;
			targetProxy = 76C879AB1EACFAD70088ABF7 /* PBXContainerItemProxy */;
		};
/* End PBXTargetDependency section */

/* Begin PBXVariantGroup section */
		76C879921EACFAD70088ABF7 /* Main.storyboard */ = {
			isa = PBXVariantGroup;
			children = (
				76C879931EACFAD70088ABF7 /* Base */,
			);
			name = Main.storyboard;
			sourceTree = "<group>";
		};
		76C879971EACFAD70088ABF7 /* LaunchScreen.storyboard */ = {
			isa = PBXVariantGroup;
			children = (
				76C879981EACFAD70088ABF7 /* Base */,
			);
			name = LaunchScreen.storyboard;
			sourceTree = "<group>";
		};
/* End PBXVariantGroup section */

/* Begin XCBuildConfiguration section */
		76C879B11EACFAD70088ABF7 /* Debug */ = {
			isa = XCBuildConfiguration;
			buildSettings = {
				ALWAYS_SEARCH_USER_PATHS = NO;
				CLANG_ANALYZER_NONNULL = YES;
				CLANG_CXX_LANGUAGE_STANDARD = "gnu++0x";
				CLANG_CXX_LIBRARY = "libc++";
				CLANG_ENABLE_MODULES = YES;
				CLANG_ENABLE_OBJC_ARC = YES;
				CLANG_WARN_BOOL_CONVERSION = YES;
				CLANG_WARN_CONSTANT_CONVERSION = YES;
				CLANG_WARN_DIRECT_OBJC_ISA_USAGE = YES_ERROR;
				CLANG_WARN_DOCUMENTATION_COMMENTS = YES;
				CLANG_WARN_EMPTY_BODY = YES;
				CLANG_WARN_ENUM_CONVERSION = YES;
				CLANG_WARN_INFINITE_RECURSION = YES;
				CLANG_WARN_INT_CONVERSION = YES;
				CLANG_WARN_OBJC_ROOT_CLASS = YES_ERROR;
				CLANG_WARN_SUSPICIOUS_MOVES = YES;
				CLANG_WARN_UNREACHABLE_CODE = YES;
				CLANG_WARN__DUPLICATE_METHOD_MATCH = YES;
				"CODE_SIGN_IDENTITY[sdk=iphoneos*]" = "iPhone Developer";
				COPY_PHASE_STRIP = NO;
				DEBUG_INFORMATION_FORMAT = dwarf;
				ENABLE_STRICT_OBJC_MSGSEND = YES;
				ENABLE_TESTABILITY = YES;
				GCC_C_LANGUAGE_STANDARD = gnu99;
				GCC_DYNAMIC_NO_PIC = NO;
				GCC_NO_COMMON_BLOCKS = YES;
				GCC_OPTIMIZATION_LEVEL = 0;
				GCC_PREPROCESSOR_DEFINITIONS = (
					"DEBUG=1",
					"$(inherited)",
				);
				GCC_WARN_64_TO_32_BIT_CONVERSION = YES;
				GCC_WARN_ABOUT_RETURN_TYPE = YES_ERROR;
				GCC_WARN_UNDECLARED_SELECTOR = YES;
				GCC_WARN_UNINITIALIZED_AUTOS = YES_AGGRESSIVE;
				GCC_WARN_UNUSED_FUNCTION = YES;
				GCC_WARN_UNUSED_VARIABLE = YES;
				IPHONEOS_DEPLOYMENT_TARGET = 10.1;
				MTL_ENABLE_DEBUG_INFO = YES;
				ONLY_ACTIVE_ARCH = YES;
				SDKROOT = iphoneos;
			};
			name = Debug;
		};
		76C879B21EACFAD70088ABF7 /* Release */ = {
			isa = XCBuildConfiguration;
			buildSettings = {
				ALWAYS_SEARCH_USER_PATHS = NO;
				CLANG_ANALYZER_NONNULL = YES;
				CLANG_CXX_LANGUAGE_STANDARD = "gnu++0x";
				CLANG_CXX_LIBRARY = "libc++";
				CLANG_ENABLE_MODULES = YES;
				CLANG_ENABLE_OBJC_ARC = YES;
				CLANG_WARN_BOOL_CONVERSION = YES;
				CLANG_WARN_CONSTANT_CONVERSION = YES;
				CLANG_WARN_DIRECT_OBJC_ISA_USAGE = YES_ERROR;
				CLANG_WARN_DOCUMENTATION_COMMENTS = YES;
				CLANG_WARN_EMPTY_BODY = YES;
				CLANG_WARN_ENUM_CONVERSION = YES;
				CLANG_WARN_INFINITE_RECURSION = YES;
				CLANG_WARN_INT_CONVERSION = YES;
				CLANG_WARN_OBJC_ROOT_CLASS = YES_ERROR;
				CLANG_WARN_SUSPICIOUS_MOVES = YES;
				CLANG_WARN_UNREACHABLE_CODE = YES;
				CLANG_WARN__DUPLICATE_METHOD_MATCH = YES;
				"CODE_SIGN_IDENTITY[sdk=iphoneos*]" = "iPhone Developer";
				COPY_PHASE_STRIP = NO;
				DEBUG_INFORMATION_FORMAT = "dwarf-with-dsym";
				ENABLE_NS_ASSERTIONS = NO;
				ENABLE_STRICT_OBJC_MSGSEND = YES;
				GCC_C_LANGUAGE_STANDARD = gnu99;
				GCC_NO_COMMON_BLOCKS = YES;
				GCC_WARN_64_TO_32_BIT_CONVERSION = YES;
				GCC_WARN_ABOUT_RETURN_TYPE = YES_ERROR;
				GCC_WARN_UNDECLARED_SELECTOR = YES;
				GCC_WARN_UNINITIALIZED_AUTOS = YES_AGGRESSIVE;
				GCC_WARN_UNUSED_FUNCTION = YES;
				GCC_WARN_UNUSED_VARIABLE = YES;
				IPHONEOS_DEPLOYMENT_TARGET = 10.1;
				MTL_ENABLE_DEBUG_INFO = NO;
				SDKROOT = iphoneos;
				VALIDATE_PRODUCT = YES;
			};
			name = Release;
		};
		76C879B41EACFAD70088ABF7 /* Debug */ = {
			isa = XCBuildConfiguration;
			buildSettings = {
				ASSETCATALOG_COMPILER_APPICON_NAME = AppIcon;
				INFOPLIST_FILE = "MyUIKit-Annotations/Info.plist";
				LD_RUNPATH_SEARCH_PATHS = "$(inherited) @executable_path/Frameworks";
				PRODUCT_BUNDLE_IDENTIFIER = "LN.MyUIKit-Annotations";
				PRODUCT_NAME = "$(TARGET_NAME)";
			};
			name = Debug;
		};
		76C879B51EACFAD70088ABF7 /* Release */ = {
			isa = XCBuildConfiguration;
			buildSettings = {
				ASSETCATALOG_COMPILER_APPICON_NAME = AppIcon;
				INFOPLIST_FILE = "MyUIKit-Annotations/Info.plist";
				LD_RUNPATH_SEARCH_PATHS = "$(inherited) @executable_path/Frameworks";
				PRODUCT_BUNDLE_IDENTIFIER = "LN.MyUIKit-Annotations";
				PRODUCT_NAME = "$(TARGET_NAME)";
			};
			name = Release;
		};
		76C879B71EACFAD70088ABF7 /* Debug */ = {
			isa = XCBuildConfiguration;
			buildSettings = {
				BUNDLE_LOADER = "$(TEST_HOST)";
				INFOPLIST_FILE = "MyUIKit-AnnotationsTests/Info.plist";
				LD_RUNPATH_SEARCH_PATHS = "$(inherited) @executable_path/Frameworks @loader_path/Frameworks";
				PRODUCT_BUNDLE_IDENTIFIER = "LN.MyUIKit-AnnotationsTests";
				PRODUCT_NAME = "$(TARGET_NAME)";
				TEST_HOST = "$(BUILT_PRODUCTS_DIR)/MyUIKit-Annotations.app/MyUIKit-Annotations";
			};
			name = Debug;
		};
		76C879B81EACFAD70088ABF7 /* Release */ = {
			isa = XCBuildConfiguration;
			buildSettings = {
				BUNDLE_LOADER = "$(TEST_HOST)";
				INFOPLIST_FILE = "MyUIKit-AnnotationsTests/Info.plist";
				LD_RUNPATH_SEARCH_PATHS = "$(inherited) @executable_path/Frameworks @loader_path/Frameworks";
				PRODUCT_BUNDLE_IDENTIFIER = "LN.MyUIKit-AnnotationsTests";
				PRODUCT_NAME = "$(TARGET_NAME)";
				TEST_HOST = "$(BUILT_PRODUCTS_DIR)/MyUIKit-Annotations.app/MyUIKit-Annotations";
			};
			name = Release;
		};
		76C879BA1EACFAD70088ABF7 /* Debug */ = {
			isa = XCBuildConfiguration;
			buildSettings = {
				INFOPLIST_FILE = "MyUIKit-AnnotationsUITests/Info.plist";
				LD_RUNPATH_SEARCH_PATHS = "$(inherited) @executable_path/Frameworks @loader_path/Frameworks";
				PRODUCT_BUNDLE_IDENTIFIER = "LN.MyUIKit-AnnotationsUITests";
				PRODUCT_NAME = "$(TARGET_NAME)";
				TEST_TARGET_NAME = "MyUIKit-Annotations";
			};
			name = Debug;
		};
		76C879BB1EACFAD70088ABF7 /* Release */ = {
			isa = XCBuildConfiguration;
			buildSettings = {
				INFOPLIST_FILE = "MyUIKit-AnnotationsUITests/Info.plist";
				LD_RUNPATH_SEARCH_PATHS = "$(inherited) @executable_path/Frameworks @loader_path/Frameworks";
				PRODUCT_BUNDLE_IDENTIFIER = "LN.MyUIKit-AnnotationsUITests";
				PRODUCT_NAME = "$(TARGET_NAME)";
				TEST_TARGET_NAME = "MyUIKit-Annotations";
			};
			name = Release;
		};
/* End XCBuildConfiguration section */

/* Begin XCConfigurationList section */
		76C879811EACFAD70088ABF7 /* Build configuration list for PBXProject "MyUIKit-Annotations" */ = {
			isa = XCConfigurationList;
			buildConfigurations = (
				76C879B11EACFAD70088ABF7 /* Debug */,
				76C879B21EACFAD70088ABF7 /* Release */,
			);
			defaultConfigurationIsVisible = 0;
			defaultConfigurationName = Release;
		};
		76C879B31EACFAD70088ABF7 /* Build configuration list for PBXNativeTarget "MyUIKit-Annotations" */ = {
			isa = XCConfigurationList;
			buildConfigurations = (
				76C879B41EACFAD70088ABF7 /* Debug */,
				76C879B51EACFAD70088ABF7 /* Release */,
			);
			defaultConfigurationIsVisible = 0;
			defaultConfigurationName = Release;
		};
		76C879B61EACFAD70088ABF7 /* Build configuration list for PBXNativeTarget "MyUIKit-AnnotationsTests" */ = {
			isa = XCConfigurationList;
			buildConfigurations = (
				76C879B71EACFAD70088ABF7 /* Debug */,
				76C879B81EACFAD70088ABF7 /* Release */,
			);
			defaultConfigurationIsVisible = 0;
			defaultConfigurationName = Release;
		};
		76C879B91EACFAD70088ABF7 /* Build configuration list for PBXNativeTarget "MyUIKit-AnnotationsUITests" */ = {
			isa = XCConfigurationList;
			buildConfigurations = (
				76C879BA1EACFAD70088ABF7 /* Debug */,
				76C879BB1EACFAD70088ABF7 /* Release */,
			);
			defaultConfigurationIsVisible = 0;
			defaultConfigurationName = Release;
		};
/* End XCConfigurationList section */
	};
	rootObject = 76C8797E1EACFAD70088ABF7 /* Project object */;
}
